// !$*UTF8*$!
{
	archiveVersion = 1;
	classes = {
	};
	objectVersion = 50;
	objects = {

/* Begin PBXBuildFile section */
		89493B8F21956DD100BD9964 /* AppDelegate.swift in Sources */ = {isa = PBXBuildFile; fileRef = 89493B8E21956DD100BD9964 /* AppDelegate.swift */; };
		89493B9121956DD100BD9964 /* ViewController.swift in Sources */ = {isa = PBXBuildFile; fileRef = 89493B9021956DD100BD9964 /* ViewController.swift */; };
		89493B9421956DD100BD9964 /* Main.storyboard in Resources */ = {isa = PBXBuildFile; fileRef = 89493B9221956DD100BD9964 /* Main.storyboard */; };
		89493B9621956DEB00BD9964 /* Assets.xcassets in Resources */ = {isa = PBXBuildFile; fileRef = 89493B9521956DEB00BD9964 /* Assets.xcassets */; };
		89493B9921956DEB00BD9964 /* LaunchScreen.storyboard in Resources */ = {isa = PBXBuildFile; fileRef = 89493B9721956DEB00BD9964 /* LaunchScreen.storyboard */; };
		89493BA421956DEB00BD9964 /* DispatchTryTests.swift in Sources */ = {isa = PBXBuildFile; fileRef = 89493BA321956DEB00BD9964 /* DispatchTryTests.swift */; };
		89493BAF21956DEB00BD9964 /* DispatchTryUITests.swift in Sources */ = {isa = PBXBuildFile; fileRef = 89493BAE21956DEB00BD9964 /* DispatchTryUITests.swift */; };
/* End PBXBuildFile section */

/* Begin PBXContainerItemProxy section */
		89493BA021956DEB00BD9964 /* PBXContainerItemProxy */ = {
			isa = PBXContainerItemProxy;
			containerPortal = 89493B8321956DD100BD9964 /* Project object */;
			proxyType = 1;
			remoteGlobalIDString = 89493B8A21956DD100BD9964;
			remoteInfo = DispatchTry;
		};
		89493BAB21956DEB00BD9964 /* PBXContainerItemProxy */ = {
			isa = PBXContainerItemProxy;
			containerPortal = 89493B8321956DD100BD9964 /* Project object */;
			proxyType = 1;
			remoteGlobalIDString = 89493B8A21956DD100BD9964;
			remoteInfo = DispatchTry;
		};
/* End PBXContainerItemProxy section */

/* Begin PBXFileReference section */
		89493B8B21956DD100BD9964 /* DispatchTry.app */ = {isa = PBXFileReference; explicitFileType = wrapper.application; includeInIndex = 0; path = DispatchTry.app; sourceTree = BUILT_PRODUCTS_DIR; };
		89493B8E21956DD100BD9964 /* AppDelegate.swift */ = {isa = PBXFileReference; lastKnownFileType = sourcecode.swift; path = AppDelegate.swift; sourceTree = "<group>"; };
		89493B9021956DD100BD9964 /* ViewController.swift */ = {isa = PBXFileReference; lastKnownFileType = sourcecode.swift; path = ViewController.swift; sourceTree = "<group>"; };
		89493B9321956DD100BD9964 /* Base */ = {isa = PBXFileReference; lastKnownFileType = file.storyboard; name = Base; path = Base.lproj/Main.storyboard; sourceTree = "<group>"; };
		89493B9521956DEB00BD9964 /* Assets.xcassets */ = {isa = PBXFileReference; lastKnownFileType = folder.assetcatalog; path = Assets.xcassets; sourceTree = "<group>"; };
		89493B9821956DEB00BD9964 /* Base */ = {isa = PBXFileReference; lastKnownFileType = file.storyboard; name = Base; path = Base.lproj/LaunchScreen.storyboard; sourceTree = "<group>"; };
		89493B9A21956DEB00BD9964 /* Info.plist */ = {isa = PBXFileReference; lastKnownFileType = text.plist.xml; path = Info.plist; sourceTree = "<group>"; };
		89493B9F21956DEB00BD9964 /* DispatchTryTests.xctest */ = {isa = PBXFileReference; explicitFileType = wrapper.cfbundle; includeInIndex = 0; path = DispatchTryTests.xctest; sourceTree = BUILT_PRODUCTS_DIR; };
		89493BA321956DEB00BD9964 /* DispatchTryTests.swift */ = {isa = PBXFileReference; lastKnownFileType = sourcecode.swift; path = DispatchTryTests.swift; sourceTree = "<group>"; };
		89493BA521956DEB00BD9964 /* Info.plist */ = {isa = PBXFileReference; lastKnownFileType = text.plist.xml; path = Info.plist; sourceTree = "<group>"; };
		89493BAA21956DEB00BD9964 /* DispatchTryUITests.xctest */ = {isa = PBXFileReference; explicitFileType = wrapper.cfbundle; includeInIndex = 0; path = DispatchTryUITests.xctest; sourceTree = BUILT_PRODUCTS_DIR; };
		89493BAE21956DEB00BD9964 /* DispatchTryUITests.swift */ = {isa = PBXFileReference; lastKnownFileType = sourcecode.swift; path = DispatchTryUITests.swift; sourceTree = "<group>"; };
		89493BB021956DEB00BD9964 /* Info.plist */ = {isa = PBXFileReference; lastKnownFileType = text.plist.xml; path = Info.plist; sourceTree = "<group>"; };
/* End PBXFileReference section */

/* Begin PBXFrameworksBuildPhase section */
		89493B8821956DD100BD9964 /* Frameworks */ = {
			isa = PBXFrameworksBuildPhase;
			buildActionMask = 2147483647;
			files = (
			);
			runOnlyForDeploymentPostprocessing = 0;
		};
		89493B9C21956DEB00BD9964 /* Frameworks */ = {
			isa = PBXFrameworksBuildPhase;
			buildActionMask = 2147483647;
			files = (
			);
			runOnlyForDeploymentPostprocessing = 0;
		};
		89493BA721956DEB00BD9964 /* Frameworks */ = {
			isa = PBXFrameworksBuildPhase;
			buildActionMask = 2147483647;
			files = (
			);
			runOnlyForDeploymentPostprocessing = 0;
		};
/* End PBXFrameworksBuildPhase section */

/* Begin PBXGroup section */
		89493B8221956DD100BD9964 = {
			isa = PBXGroup;
			children = (
				89493B8D21956DD100BD9964 /* DispatchTry */,
				89493BA221956DEB00BD9964 /* DispatchTryTests */,
				89493BAD21956DEB00BD9964 /* DispatchTryUITests */,
				89493B8C21956DD100BD9964 /* Products */,
			);
			sourceTree = "<group>";
		};
		89493B8C21956DD100BD9964 /* Products */ = {
			isa = PBXGroup;
			children = (
				89493B8B21956DD100BD9964 /* DispatchTry.app */,
				89493B9F21956DEB00BD9964 /* DispatchTryTests.xctest */,
				89493BAA21956DEB00BD9964 /* DispatchTryUITests.xctest */,
			);
			name = Products;
			sourceTree = "<group>";
		};
		89493B8D21956DD100BD9964 /* DispatchTry */ = {
			isa = PBXGroup;
			children = (
				89493B8E21956DD100BD9964 /* AppDelegate.swift */,
				89493B9021956DD100BD9964 /* ViewController.swift */,
				89493B9221956DD100BD9964 /* Main.storyboard */,
				89493B9521956DEB00BD9964 /* Assets.xcassets */,
				89493B9721956DEB00BD9964 /* LaunchScreen.storyboard */,
				89493B9A21956DEB00BD9964 /* Info.plist */,
			);
			path = DispatchTry;
			sourceTree = "<group>";
		};
		89493BA221956DEB00BD9964 /* DispatchTryTests */ = {
			isa = PBXGroup;
			children = (
				89493BA321956DEB00BD9964 /* DispatchTryTests.swift */,
				89493BA521956DEB00BD9964 /* Info.plist */,
			);
			path = DispatchTryTests;
			sourceTree = "<group>";
		};
		89493BAD21956DEB00BD9964 /* DispatchTryUITests */ = {
			isa = PBXGroup;
			children = (
				89493BAE21956DEB00BD9964 /* DispatchTryUITests.swift */,
				89493BB021956DEB00BD9964 /* Info.plist */,
			);
			path = DispatchTryUITests;
			sourceTree = "<group>";
		};
/* End PBXGroup section */

/* Begin PBXNativeTarget section */
		89493B8A21956DD100BD9964 /* DispatchTry */ = {
			isa = PBXNativeTarget;
			buildConfigurationList = 89493BB321956DEB00BD9964 /* Build configuration list for PBXNativeTarget "DispatchTry" */;
			buildPhases = (
				89493B8721956DD100BD9964 /* Sources */,
				89493B8821956DD100BD9964 /* Frameworks */,
				89493B8921956DD100BD9964 /* Resources */,
			);
			buildRules = (
			);
			dependencies = (
			);
			name = DispatchTry;
			productName = DispatchTry;
			productReference = 89493B8B21956DD100BD9964 /* DispatchTry.app */;
			productType = "com.apple.product-type.application";
		};
		89493B9E21956DEB00BD9964 /* DispatchTryTests */ = {
			isa = PBXNativeTarget;
			buildConfigurationList = 89493BB621956DEB00BD9964 /* Build configuration list for PBXNativeTarget "DispatchTryTests" */;
			buildPhases = (
				89493B9B21956DEB00BD9964 /* Sources */,
				89493B9C21956DEB00BD9964 /* Frameworks */,
				89493B9D21956DEB00BD9964 /* Resources */,
			);
			buildRules = (
			);
			dependencies = (
				89493BA121956DEB00BD9964 /* PBXTargetDependency */,
			);
			name = DispatchTryTests;
			productName = DispatchTryTests;
			productReference = 89493B9F21956DEB00BD9964 /* DispatchTryTests.xctest */;
			productType = "com.apple.product-type.bundle.unit-test";
		};
		89493BA921956DEB00BD9964 /* DispatchTryUITests */ = {
			isa = PBXNativeTarget;
			buildConfigurationList = 89493BB921956DEB00BD9964 /* Build configuration list for PBXNativeTarget "DispatchTryUITests" */;
			buildPhases = (
				89493BA621956DEB00BD9964 /* Sources */,
				89493BA721956DEB00BD9964 /* Frameworks */,
				89493BA821956DEB00BD9964 /* Resources */,
			);
			buildRules = (
			);
			dependencies = (
				89493BAC21956DEB00BD9964 /* PBXTargetDependency */,
			);
			name = DispatchTryUITests;
			productName = DispatchTryUITests;
			productReference = 89493BAA21956DEB00BD9964 /* DispatchTryUITests.xctest */;
			productType = "com.apple.product-type.bundle.ui-testing";
		};
/* End PBXNativeTarget section */

/* Begin PBXProject section */
		89493B8321956DD100BD9964 /* Project object */ = {
			isa = PBXProject;
			attributes = {
				LastSwiftUpdateCheck = 1010;
				LastUpgradeCheck = 1010;
				ORGANIZATIONNAME = "globalwings ";
				TargetAttributes = {
					89493B8A21956DD100BD9964 = {
						CreatedOnToolsVersion = 10.1;
					};
					89493B9E21956DEB00BD9964 = {
						CreatedOnToolsVersion = 10.1;
						TestTargetID = 89493B8A21956DD100BD9964;
					};
					89493BA921956DEB00BD9964 = {
						CreatedOnToolsVersion = 10.1;
						TestTargetID = 89493B8A21956DD100BD9964;
					};
				};
			};
			buildConfigurationList = 89493B8621956DD100BD9964 /* Build configuration list for PBXProject "DispatchTry" */;
			compatibilityVersion = "Xcode 9.3";
			developmentRegion = en;
			hasScannedForEncodings = 0;
			knownRegions = (
				en,
				Base,
			);
			mainGroup = 89493B8221956DD100BD9964;
			productRefGroup = 89493B8C21956DD100BD9964 /* Products */;
			projectDirPath = "";
			projectRoot = "";
			targets = (
				89493B8A21956DD100BD9964 /* DispatchTry */,
				89493B9E21956DEB00BD9964 /* DispatchTryTests */,
				89493BA921956DEB00BD9964 /* DispatchTryUITests */,
			);
		};
/* End PBXProject section */

/* Begin PBXResourcesBuildPhase section */
		89493B8921956DD100BD9964 /* Resources */ = {
			isa = PBXResourcesBuildPhase;
			buildActionMask = 2147483647;
			files = (
				89493B9921956DEB00BD9964 /* LaunchScreen.storyboard in Resources */,
				89493B9621956DEB00BD9964 /* Assets.xcassets in Resources */,
				89493B9421956DD100BD9964 /* Main.storyboard in Resources */,
			);
			runOnlyForDeploymentPostprocessing = 0;
		};
		89493B9D21956DEB00BD9964 /* Resources */ = {
			isa = PBXResourcesBuildPhase;
			buildActionMask = 2147483647;
			files = (
			);
			runOnlyForDeploymentPostprocessing = 0;
		};
		89493BA821956DEB00BD9964 /* Resources */ = {
			isa = PBXResourcesBuildPhase;
			buildActionMask = 2147483647;
			files = (
			);
			runOnlyForDeploymentPostprocessing = 0;
		};
/* End PBXResourcesBuildPhase section */

/* Begin PBXSourcesBuildPhase section */
		89493B8721956DD100BD9964 /* Sources */ = {
			isa = PBXSourcesBuildPhase;
			buildActionMask = 2147483647;
			files = (
				89493B9121956DD100BD9964 /* ViewController.swift in Sources */,
				89493B8F21956DD100BD9964 /* AppDelegate.swift in Sources */,
			);
			runOnlyForDeploymentPostprocessing = 0;
		};
		89493B9B21956DEB00BD9964 /* Sources */ = {
			isa = PBXSourcesBuildPhase;
			buildActionMask = 2147483647;
			files = (
				89493BA421956DEB00BD9964 /* DispatchTryTests.swift in Sources */,
			);
			runOnlyForDeploymentPostprocessing = 0;
		};
		89493BA621956DEB00BD9964 /* Sources */ = {
			isa = PBXSourcesBuildPhase;
			buildActionMask = 2147483647;
			files = (
				89493BAF21956DEB00BD9964 /* DispatchTryUITests.swift in Sources */,
			);
			runOnlyForDeploymentPostprocessing = 0;
		};
/* End PBXSourcesBuildPhase section */

/* Begin PBXTargetDependency section */
		89493BA121956DEB00BD9964 /* PBXTargetDependency */ = {
			isa = PBXTargetDependency;
			target = 89493B8A21956DD100BD9964 /* DispatchTry */;
			targetProxy = 89493BA021956DEB00BD9964 /* PBXContainerItemProxy */;
		};
		89493BAC21956DEB00BD9964 /* PBXTargetDependency */ = {
			isa = PBXTargetDependency;
			target = 89493B8A21956DD100BD9964 /* DispatchTry */;
			targetProxy = 89493BAB21956DEB00BD9964 /* PBXContainerItemProxy */;
		};
/* End PBXTargetDependency section */

/* Begin PBXVariantGroup section */
		89493B9221956DD100BD9964 /* Main.storyboard */ = {
			isa = PBXVariantGroup;
			children = (
				89493B9321956DD100BD9964 /* Base */,
			);
			name = Main.storyboard;
			sourceTree = "<group>";
		};
		89493B9721956DEB00BD9964 /* LaunchScreen.storyboard */ = {
			isa = PBXVariantGroup;
			children = (
				89493B9821956DEB00BD9964 /* Base */,
			);
			name = LaunchScreen.storyboard;
			sourceTree = "<group>";
		};
/* End PBXVariantGroup section */

/* Begin XCBuildConfiguration section */
		89493BB121956DEB00BD9964 /* Debug */ = {
			isa = XCBuildConfiguration;
			buildSettings = {
				ALWAYS_SEARCH_USER_PATHS = NO;
				CLANG_ANALYZER_NONNULL = YES;
				CLANG_ANALYZER_NUMBER_OBJECT_CONVERSION = YES_AGGRESSIVE;
				CLANG_CXX_LANGUAGE_STANDARD = "gnu++14";
				CLANG_CXX_LIBRARY = "libc++";
				CLANG_ENABLE_MODULES = YES;
				CLANG_ENABLE_OBJC_ARC = YES;
				CLANG_ENABLE_OBJC_WEAK = YES;
				CLANG_WARN_BLOCK_CAPTURE_AUTORELEASING = YES;
				CLANG_WARN_BOOL_CONVERSION = YES;
				CLANG_WARN_COMMA = YES;
				CLANG_WARN_CONSTANT_CONVERSION = YES;
				CLANG_WARN_DEPRECATED_OBJC_IMPLEMENTATIONS = YES;
				CLANG_WARN_DIRECT_OBJC_ISA_USAGE = YES_ERROR;
				CLANG_WARN_DOCUMENTATION_COMMENTS = YES;
				CLANG_WARN_EMPTY_BODY = YES;
				CLANG_WARN_ENUM_CONVERSION = YES;
				CLANG_WARN_INFINITE_RECURSION = YES;
				CLANG_WARN_INT_CONVERSION = YES;
				CLANG_WARN_NON_LITERAL_NULL_CONVERSION = YES;
				CLANG_WARN_OBJC_IMPLICIT_RETAIN_SELF = YES;
				CLANG_WARN_OBJC_LITERAL_CONVERSION = YES;
				CLANG_WARN_OBJC_ROOT_CLASS = YES_ERROR;
				CLANG_WARN_RANGE_LOOP_ANALYSIS = YES;
				CLANG_WARN_STRICT_PROTOTYPES = YES;
				CLANG_WARN_SUSPICIOUS_MOVE = YES;
				CLANG_WARN_UNGUARDED_AVAILABILITY = YES_AGGRESSIVE;
				CLANG_WARN_UNREACHABLE_CODE = YES;
				CLANG_WARN__DUPLICATE_METHOD_MATCH = YES;
				CODE_SIGN_IDENTITY = "iPhone Developer";
				COPY_PHASE_STRIP = NO;
				DEBUG_INFORMATION_FORMAT = dwarf;
				ENABLE_STRICT_OBJC_MSGSEND = YES;
				ENABLE_TESTABILITY = YES;
				GCC_C_LANGUAGE_STANDARD = gnu11;
				GCC_DYNAMIC_NO_PIC = NO;
				GCC_NO_COMMON_BLOCKS = YES;
				GCC_OPTIMIZATION_LEVEL = 0;
				GCC_PREPROCESSOR_DEFINITIONS = (
					"DEBUG=1",
					"$(inherited)",
				);
				GCC_WARN_64_TO_32_BIT_CONVERSION = YES;
				GCC_WARN_ABOUT_RETURN_TYPE = YES_ERROR;
				GCC_WARN_UNDECLARED_SELECTOR = YES;
				GCC_WARN_UNINITIALIZED_AUTOS = YES_AGGRESSIVE;
				GCC_WARN_UNUSED_FUNCTION = YES;
				GCC_WARN_UNUSED_VARIABLE = YES;
				IPHONEOS_DEPLOYMENT_TARGET = 12.1;
				MTL_ENABLE_DEBUG_INFO = INCLUDE_SOURCE;
				MTL_FAST_MATH = YES;
				ONLY_ACTIVE_ARCH = YES;
				SDKROOT = iphoneos;
				SWIFT_ACTIVE_COMPILATION_CONDITIONS = DEBUG;
				SWIFT_OPTIMIZATION_LEVEL = "-Onone";
			};
			name = Debug;
		};
		89493BB221956DEB00BD9964 /* Release */ = {
			isa = XCBuildConfiguration;
			buildSettings = {
				ALWAYS_SEARCH_USER_PATHS = NO;
				CLANG_ANALYZER_NONNULL = YES;
				CLANG_ANALYZER_NUMBER_OBJECT_CONVERSION = YES_AGGRESSIVE;
				CLANG_CXX_LANGUAGE_STANDARD = "gnu++14";
				CLANG_CXX_LIBRARY = "libc++";
				CLANG_ENABLE_MODULES = YES;
				CLANG_ENABLE_OBJC_ARC = YES;
				CLANG_ENABLE_OBJC_WEAK = YES;
				CLANG_WARN_BLOCK_CAPTURE_AUTORELEASING = YES;
				CLANG_WARN_BOOL_CONVERSION = YES;
				CLANG_WARN_COMMA = YES;
				CLANG_WARN_CONSTANT_CONVERSION = YES;
				CLANG_WARN_DEPRECATED_OBJC_IMPLEMENTATIONS = YES;
				CLANG_WARN_DIRECT_OBJC_ISA_USAGE = YES_ERROR;
				CLANG_WARN_DOCUMENTATION_COMMENTS = YES;
				CLANG_WARN_EMPTY_BODY = YES;
				CLANG_WARN_ENUM_CONVERSION = YES;
				CLANG_WARN_INFINITE_RECURSION = YES;
				CLANG_WARN_INT_CONVERSION = YES;
				CLANG_WARN_NON_LITERAL_NULL_CONVERSION = YES;
				CLANG_WARN_OBJC_IMPLICIT_RETAIN_SELF = YES;
				CLANG_WARN_OBJC_LITERAL_CONVERSION = YES;
				CLANG_WARN_OBJC_ROOT_CLASS = YES_ERROR;
				CLANG_WARN_RANGE_LOOP_ANALYSIS = YES;
				CLANG_WARN_STRICT_PROTOTYPES = YES;
				CLANG_WARN_SUSPICIOUS_MOVE = YES;
				CLANG_WARN_UNGUARDED_AVAILABILITY = YES_AGGRESSIVE;
				CLANG_WARN_UNREACHABLE_CODE = YES;
				CLANG_WARN__DUPLICATE_METHOD_MATCH = YES;
				CODE_SIGN_IDENTITY = "iPhone Developer";
				COPY_PHASE_STRIP = NO;
				DEBUG_INFORMATION_FORMAT = "dwarf-with-dsym";
				ENABLE_NS_ASSERTIONS = NO;
				ENABLE_STRICT_OBJC_MSGSEND = YES;
				GCC_C_LANGUAGE_STANDARD = gnu11;
				GCC_NO_COMMON_BLOCKS = YES;
				GCC_WARN_64_TO_32_BIT_CONVERSION = YES;
				GCC_WARN_ABOUT_RETURN_TYPE = YES_ERROR;
				GCC_WARN_UNDECLARED_SELECTOR = YES;
				GCC_WARN_UNINITIALIZED_AUTOS = YES_AGGRESSIVE;
				GCC_WARN_UNUSED_FUNCTION = YES;
				GCC_WARN_UNUSED_VARIABLE = YES;
				IPHONEOS_DEPLOYMENT_TARGET = 12.1;
				MTL_ENABLE_DEBUG_INFO = NO;
				MTL_FAST_MATH = YES;
				SDKROOT = iphoneos;
				SWIFT_COMPILATION_MODE = wholemodule;
				SWIFT_OPTIMIZATION_LEVEL = "-O";
				VALIDATE_PRODUCT = YES;
			};
			name = Release;
		};
		89493BB421956DEB00BD9964 /* Debug */ = {
			isa = XCBuildConfiguration;
			buildSettings = {
				ASSETCATALOG_COMPILER_APPICON_NAME = AppIcon;
				CODE_SIGN_STYLE = Automatic;
				DEVELOPMENT_TEAM = LKRAHPV4P3;
				INFOPLIST_FILE = DispatchTry/Info.plist;
				LD_RUNPATH_SEARCH_PATHS = (
					"$(inherited)",
					"@executable_path/Frameworks",
				);
				PRODUCT_BUNDLE_IDENTIFIER = com.globalwings.DispatchTry;
				PRODUCT_NAME = "$(TARGET_NAME)";
				SWIFT_VERSION = 4.2;
				TARGETED_DEVICE_FAMILY = "1,2";
			};
			name = Debug;
		};
		89493BB521956DEB00BD9964 /* Release */ = {
			isa = XCBuildConfiguration;
			buildSettings = {
				ASSETCATALOG_COMPILER_APPICON_NAME = AppIcon;
				CODE_SIGN_STYLE = Automatic;
				DEVELOPMENT_TEAM = LKRAHPV4P3;
				INFOPLIST_FILE = DispatchTry/Info.plist;
				LD_RUNPATH_SEARCH_PATHS = (
					"$(inherited)",
					"@executable_path/Frameworks",
				);
				PRODUCT_BUNDLE_IDENTIFIER = com.globalwings.DispatchTry;
				PRODUCT_NAME = "$(TARGET_NAME)";
				SWIFT_VERSION = 4.2;
				TARGETED_DEVICE_FAMILY = "1,2";
			};
			name = Release;
		};
		89493BB721956DEB00BD9964 /* Debug */ = {
			isa = XCBuildConfiguration;
			buildSettings = {
				ALWAYS_EMBED_SWIFT_STANDARD_LIBRARIES = YES;
				BUNDLE_LOADER = "$(TEST_HOST)";
				CODE_SIGN_STYLE = Automatic;
				DEVELOPMENT_TEAM = LKRAHPV4P3;
				INFOPLIST_FILE = DispatchTryTests/Info.plist;
				LD_RUNPATH_SEARCH_PATHS = (
					"$(inherited)",
					"@executable_path/Frameworks",
					"@loader_path/Frameworks",
				);
				PRODUCT_BUNDLE_IDENTIFIER = com.globalwings.DispatchTryTests;
				PRODUCT_NAME = "$(TARGET_NAME)";
				SWIFT_VERSION = 4.2;
				TARGETED_DEVICE_FAMILY = "1,2";
				TEST_HOST = "$(BUILT_PRODUCTS_DIR)/DispatchTry.app/DispatchTry";
			};
			name = Debug;
		};
		89493BB821956DEB00BD9964 /* Release */ = {
			isa = XCBuildConfiguration;
			buildSettings = {
				ALWAYS_EMBED_SWIFT_STANDARD_LIBRARIES = YES;
				BUNDLE_LOADER = "$(TEST_HOST)";
				CODE_SIGN_STYLE = Automatic;
				DEVELOPMENT_TEAM = LKRAHPV4P3;
				INFOPLIST_FILE = DispatchTryTests/Info.plist;
				LD_RUNPATH_SEARCH_PATHS = (
					"$(inherited)",
					"@executable_path/Frameworks",
					"@loader_path/Frameworks",
				);
				PRODUCT_BUNDLE_IDENTIFIER = com.globalwings.DispatchTryTests;
				PRODUCT_NAME = "$(TARGET_NAME)";
				SWIFT_VERSION = 4.2;
				TARGETED_DEVICE_FAMILY = "1,2";
				TEST_HOST = "$(BUILT_PRODUCTS_DIR)/DispatchTry.app/DispatchTry";
			};
			name = Release;
		};
		89493BBA21956DEB00BD9964 /* Debug */ = {
			isa = XCBuildConfiguration;
			buildSettings = {
				ALWAYS_EMBED_SWIFT_STANDARD_LIBRARIES = YES;
				CODE_SIGN_STYLE = Automatic;
				DEVELOPMENT_TEAM = LKRAHPV4P3;
				INFOPLIST_FILE = DispatchTryUITests/Info.plist;
				LD_RUNPATH_SEARCH_PATHS = (
					"$(inherited)",
					"@executable_path/Frameworks",
					"@loader_path/Frameworks",
				);
				PRODUCT_BUNDLE_IDENTIFIER = com.globalwings.DispatchTryUITests;
				PRODUCT_NAME = "$(TARGET_NAME)";
				SWIFT_VERSION = 4.2;
				TARGETED_DEVICE_FAMILY = "1,2";
				TEST_TARGET_NAME = DispatchTry;
			};
			name = Debug;
		};
		89493BBB21956DEB00BD9964 /* Release */ = {
			isa = XCBuildConfiguration;
			buildSettings = {
				ALWAYS_EMBED_SWIFT_STANDARD_LIBRARIES = YES;
				CODE_SIGN_STYLE = Automatic;
				DEVELOPMENT_TEAM = LKRAHPV4P3;
				INFOPLIST_FILE = DispatchTryUITests/Info.plist;
				LD_RUNPATH_SEARCH_PATHS = (
					"$(inherited)",
					"@executable_path/Frameworks",
					"@loader_path/Frameworks",
				);
				PRODUCT_BUNDLE_IDENTIFIER = com.globalwings.DispatchTryUITests;
				PRODUCT_NAME = "$(TARGET_NAME)";
				SWIFT_VERSION = 4.2;
				TARGETED_DEVICE_FAMILY = "1,2";
				TEST_TARGET_NAME = DispatchTry;
			};
			name = Release;
		};
/* End XCBuildConfiguration section */

/* Begin XCConfigurationList section */
		89493B8621956DD100BD9964 /* Build configuration list for PBXProject "DispatchTry" */ = {
			isa = XCConfigurationList;
			buildConfigurations = (
				89493BB121956DEB00BD9964 /* Debug */,
				89493BB221956DEB00BD9964 /* Release */,
			);
			defaultConfigurationIsVisible = 0;
			defaultConfigurationName = Release;
		};
		89493BB321956DEB00BD9964 /* Build configuration list for PBXNativeTarget "DispatchTry" */ = {
			isa = XCConfigurationList;
			buildConfigurations = (
				89493BB421956DEB00BD9964 /* Debug */,
				89493BB521956DEB00BD9964 /* Release */,
			);
			defaultConfigurationIsVisible = 0;
			defaultConfigurationName = Release;
		};
		89493BB621956DEB00BD9964 /* Build configuration list for PBXNativeTarget "DispatchTryTests" */ = {
			isa = XCConfigurationList;
			buildConfigurations = (
				89493BB721956DEB00BD9964 /* Debug */,
				89493BB821956DEB00BD9964 /* Release */,
			);
			defaultConfigurationIsVisible = 0;
			defaultConfigurationName = Release;
		};
		89493BB921956DEB00BD9964 /* Build configuration list for PBXNativeTarget "DispatchTryUITests" */ = {
			isa = XCConfigurationList;
			buildConfigurations = (
				89493BBA21956DEB00BD9964 /* Debug */,
				89493BBB21956DEB00BD9964 /* Release */,
			);
			defaultConfigurationIsVisible = 0;
			defaultConfigurationName = Release;
		};
/* End XCConfigurationList section */
	};
	rootObject = 89493B8321956DD100BD9964 /* Project object */;
}
