// !$*UTF8*$!
{
	archiveVersion = 1;
	classes = {
	};
	objectVersion = 48;
	objects = {

/* Begin PBXBuildFile section */
		89F25AAA206A34B10061AA74 /* AppDelegate.swift in Sources */ = {isa = PBXBuildFile; fileRef = 89F25AA9206A34B10061AA74 /* AppDelegate.swift */; };
		89F25AAF206A34B10061AA74 /* Main.storyboard in Resources */ = {isa = PBXBuildFile; fileRef = 89F25AAD206A34B10061AA74 /* Main.storyboard */; };
		89F25AB1206A34B10061AA74 /* Assets.xcassets in Resources */ = {isa = PBXBuildFile; fileRef = 89F25AB0206A34B10061AA74 /* Assets.xcassets */; };
		89F25ABF206A34B10061AA74 /* DouYuAPPTests.swift in Sources */ = {isa = PBXBuildFile; fileRef = 89F25ABE206A34B10061AA74 /* DouYuAPPTests.swift */; };
		89F25ACA206A34B10061AA74 /* DouYuAPPUITests.swift in Sources */ = {isa = PBXBuildFile; fileRef = 89F25AC9206A34B10061AA74 /* DouYuAPPUITests.swift */; };
		8D4D84A0C0E244A4AD7AEEF4 /* libPods-DouYuAPP.a in Frameworks */ = {isa = PBXBuildFile; fileRef = 3049030DD472A3AE5E85C1B6 /* libPods-DouYuAPP.a */; };
/* End PBXBuildFile section */

/* Begin PBXContainerItemProxy section */
		89F25ABB206A34B10061AA74 /* PBXContainerItemProxy */ = {
			isa = PBXContainerItemProxy;
			containerPortal = 89F25A9E206A34B10061AA74 /* Project object */;
			proxyType = 1;
			remoteGlobalIDString = 89F25AA5206A34B10061AA74;
			remoteInfo = DouYuAPP;
		};
		89F25AC6206A34B10061AA74 /* PBXContainerItemProxy */ = {
			isa = PBXContainerItemProxy;
			containerPortal = 89F25A9E206A34B10061AA74 /* Project object */;
			proxyType = 1;
			remoteGlobalIDString = 89F25AA5206A34B10061AA74;
			remoteInfo = DouYuAPP;
		};
/* End PBXContainerItemProxy section */

/* Begin PBXFileReference section */
		061D7A325850DF1AD5789EA6 /* Pods-DouYuAPP.debug.xcconfig */ = {isa = PBXFileReference; includeInIndex = 1; lastKnownFileType = text.xcconfig; name = "Pods-DouYuAPP.debug.xcconfig"; path = "Pods/Target Support Files/Pods-DouYuAPP/Pods-DouYuAPP.debug.xcconfig"; sourceTree = "<group>"; };
		3049030DD472A3AE5E85C1B6 /* libPods-DouYuAPP.a */ = {isa = PBXFileReference; explicitFileType = archive.ar; includeInIndex = 0; path = "libPods-DouYuAPP.a"; sourceTree = BUILT_PRODUCTS_DIR; };
		427FAEA228C14F04A4E6A5DF /* Pods-DouYuAPP.release.xcconfig */ = {isa = PBXFileReference; includeInIndex = 1; lastKnownFileType = text.xcconfig; name = "Pods-DouYuAPP.release.xcconfig"; path = "Pods/Target Support Files/Pods-DouYuAPP/Pods-DouYuAPP.release.xcconfig"; sourceTree = "<group>"; };
		895099B1206B30FC006D2159 /* DouYuBridge.h */ = {isa = PBXFileReference; lastKnownFileType = sourcecode.c.h; path = DouYuBridge.h; sourceTree = "<group>"; };
		89F25AA6206A34B10061AA74 /* DouYuAPP.app */ = {isa = PBXFileReference; explicitFileType = wrapper.application; includeInIndex = 0; path = DouYuAPP.app; sourceTree = BUILT_PRODUCTS_DIR; };
		89F25AA9206A34B10061AA74 /* AppDelegate.swift */ = {isa = PBXFileReference; lastKnownFileType = sourcecode.swift; path = AppDelegate.swift; sourceTree = "<group>"; };
		89F25AAE206A34B10061AA74 /* Base */ = {isa = PBXFileReference; lastKnownFileType = file.storyboard; name = Base; path = Base.lproj/Main.storyboard; sourceTree = "<group>"; };
		89F25AB0206A34B10061AA74 /* Assets.xcassets */ = {isa = PBXFileReference; lastKnownFileType = folder.assetcatalog; path = Assets.xcassets; sourceTree = "<group>"; };
		89F25AB5206A34B10061AA74 /* Info.plist */ = {isa = PBXFileReference; lastKnownFileType = text.plist.xml; path = Info.plist; sourceTree = "<group>"; };
		89F25ABA206A34B10061AA74 /* DouYuAPPTests.xctest */ = {isa = PBXFileReference; explicitFileType = wrapper.cfbundle; includeInIndex = 0; path = DouYuAPPTests.xctest; sourceTree = BUILT_PRODUCTS_DIR; };
		89F25ABE206A34B10061AA74 /* DouYuAPPTests.swift */ = {isa = PBXFileReference; lastKnownFileType = sourcecode.swift; path = DouYuAPPTests.swift; sourceTree = "<group>"; };
		89F25AC0206A34B10061AA74 /* Info.plist */ = {isa = PBXFileReference; lastKnownFileType = text.plist.xml; path = Info.plist; sourceTree = "<group>"; };
		89F25AC5206A34B10061AA74 /* DouYuAPPUITests.xctest */ = {isa = PBXFileReference; explicitFileType = wrapper.cfbundle; includeInIndex = 0; path = DouYuAPPUITests.xctest; sourceTree = BUILT_PRODUCTS_DIR; };
		89F25AC9206A34B10061AA74 /* DouYuAPPUITests.swift */ = {isa = PBXFileReference; lastKnownFileType = sourcecode.swift; path = DouYuAPPUITests.swift; sourceTree = "<group>"; };
		89F25ACB206A34B10061AA74 /* Info.plist */ = {isa = PBXFileReference; lastKnownFileType = text.plist.xml; path = Info.plist; sourceTree = "<group>"; };
/* End PBXFileReference section */

/* Begin PBXFrameworksBuildPhase section */
		89F25AA3206A34B10061AA74 /* Frameworks */ = {
			isa = PBXFrameworksBuildPhase;
			buildActionMask = 2147483647;
			files = (
				8D4D84A0C0E244A4AD7AEEF4 /* libPods-DouYuAPP.a in Frameworks */,
			);
			runOnlyForDeploymentPostprocessing = 0;
		};
		89F25AB7206A34B10061AA74 /* Frameworks */ = {
			isa = PBXFrameworksBuildPhase;
			buildActionMask = 2147483647;
			files = (
			);
			runOnlyForDeploymentPostprocessing = 0;
		};
		89F25AC2206A34B10061AA74 /* Frameworks */ = {
			isa = PBXFrameworksBuildPhase;
			buildActionMask = 2147483647;
			files = (
			);
			runOnlyForDeploymentPostprocessing = 0;
		};
/* End PBXFrameworksBuildPhase section */

/* Begin PBXGroup section */
		15B713954A4BE22EFA068726 /* Frameworks */ = {
			isa = PBXGroup;
			children = (
				3049030DD472A3AE5E85C1B6 /* libPods-DouYuAPP.a */,
			);
			name = Frameworks;
			sourceTree = "<group>";
		};
		7A7EE45F9A2B949D80194808 /* Pods */ = {
			isa = PBXGroup;
			children = (
				061D7A325850DF1AD5789EA6 /* Pods-DouYuAPP.debug.xcconfig */,
				427FAEA228C14F04A4E6A5DF /* Pods-DouYuAPP.release.xcconfig */,
			);
			name = Pods;
			sourceTree = "<group>";
		};
		891304AC206DD7DB000FDD37 /* Classes */ = {
			isa = PBXGroup;
			children = (
				891304B0206DD7DB000FDD37 /* Main */,
				891304AE206DD7DB000FDD37 /* Home */,
				891304AF206DD7DB000FDD37 /* Live */,
				891304AD206DD7DB000FDD37 /* Follow */,
				891304B1206DD7DB000FDD37 /* Profile */,
				891304B2206DD7F7000FDD37 /* Tools */,
			);
			path = Classes;
			sourceTree = "<group>";
		};
		891304AD206DD7DB000FDD37 /* Follow */ = {
			isa = PBXGroup;
			children = (
			);
			path = Follow;
			sourceTree = "<group>";
		};
		891304AE206DD7DB000FDD37 /* Home */ = {
			isa = PBXGroup;
			children = (
			);
			path = Home;
			sourceTree = "<group>";
		};
		891304AF206DD7DB000FDD37 /* Live */ = {
			isa = PBXGroup;
			children = (
			);
			path = Live;
			sourceTree = "<group>";
		};
		891304B0206DD7DB000FDD37 /* Main */ = {
			isa = PBXGroup;
			children = (
			);
			path = Main;
			sourceTree = "<group>";
		};
		891304B1206DD7DB000FDD37 /* Profile */ = {
			isa = PBXGroup;
			children = (
			);
			path = Profile;
			sourceTree = "<group>";
		};
		891304B2206DD7F7000FDD37 /* Tools */ = {
			isa = PBXGroup;
			children = (
			);
			path = Tools;
			sourceTree = "<group>";
		};
		89F25A9D206A34B00061AA74 = {
			isa = PBXGroup;
			children = (
				89F25AA8206A34B10061AA74 /* DouYuAPP */,
				89F25ABD206A34B10061AA74 /* DouYuAPPTests */,
				89F25AC8206A34B10061AA74 /* DouYuAPPUITests */,
				89F25AA7206A34B10061AA74 /* Products */,
				7A7EE45F9A2B949D80194808 /* Pods */,
				15B713954A4BE22EFA068726 /* Frameworks */,
			);
			sourceTree = "<group>";
		};
		89F25AA7206A34B10061AA74 /* Products */ = {
			isa = PBXGroup;
			children = (
				89F25AA6206A34B10061AA74 /* DouYuAPP.app */,
				89F25ABA206A34B10061AA74 /* DouYuAPPTests.xctest */,
				89F25AC5206A34B10061AA74 /* DouYuAPPUITests.xctest */,
			);
			name = Products;
			sourceTree = "<group>";
		};
		89F25AA8206A34B10061AA74 /* DouYuAPP */ = {
			isa = PBXGroup;
			children = (
				891304AC206DD7DB000FDD37 /* Classes */,
				89F25AA9206A34B10061AA74 /* AppDelegate.swift */,
				89F25AAD206A34B10061AA74 /* Main.storyboard */,
				89F25AB0206A34B10061AA74 /* Assets.xcassets */,
				89F25AB5206A34B10061AA74 /* Info.plist */,
			);
			path = DouYuAPP;
			sourceTree = "<group>";
		};
		89F25ABD206A34B10061AA74 /* DouYuAPPTests */ = {
			isa = PBXGroup;
			children = (
				895099B1206B30FC006D2159 /* DouYuBridge.h */,
				89F25ABE206A34B10061AA74 /* DouYuAPPTests.swift */,
				89F25AC0206A34B10061AA74 /* Info.plist */,
			);
			path = DouYuAPPTests;
			sourceTree = "<group>";
		};
		89F25AC8206A34B10061AA74 /* DouYuAPPUITests */ = {
			isa = PBXGroup;
			children = (
				89F25AC9206A34B10061AA74 /* DouYuAPPUITests.swift */,
				89F25ACB206A34B10061AA74 /* Info.plist */,
			);
			path = DouYuAPPUITests;
			sourceTree = "<group>";
		};
/* End PBXGroup section */

/* Begin PBXNativeTarget section */
		89F25AA5206A34B10061AA74 /* DouYuAPP */ = {
			isa = PBXNativeTarget;
			buildConfigurationList = 89F25ACE206A34B10061AA74 /* Build configuration list for PBXNativeTarget "DouYuAPP" */;
			buildPhases = (
				9C827F4D1C28E82CF61C8236 /* [CP] Check Pods Manifest.lock */,
				89F25AA2206A34B10061AA74 /* Sources */,
				89F25AA3206A34B10061AA74 /* Frameworks */,
				89F25AA4206A34B10061AA74 /* Resources */,
				CA27EA2F4EE85EE6E0FECD67 /* [CP] Embed Pods Frameworks */,
				8C9A5748EA01D59774FBD496 /* [CP] Copy Pods Resources */,
			);
			buildRules = (
			);
			dependencies = (
			);
			name = DouYuAPP;
			productName = DouYuAPP;
			productReference = 89F25AA6206A34B10061AA74 /* DouYuAPP.app */;
			productType = "com.apple.product-type.application";
		};
		89F25AB9206A34B10061AA74 /* DouYuAPPTests */ = {
			isa = PBXNativeTarget;
			buildConfigurationList = 89F25AD1206A34B10061AA74 /* Build configuration list for PBXNativeTarget "DouYuAPPTests" */;
			buildPhases = (
				89F25AB6206A34B10061AA74 /* Sources */,
				89F25AB7206A34B10061AA74 /* Frameworks */,
				89F25AB8206A34B10061AA74 /* Resources */,
			);
			buildRules = (
			);
			dependencies = (
				89F25ABC206A34B10061AA74 /* PBXTargetDependency */,
			);
			name = DouYuAPPTests;
			productName = DouYuAPPTests;
			productReference = 89F25ABA206A34B10061AA74 /* DouYuAPPTests.xctest */;
			productType = "com.apple.product-type.bundle.unit-test";
		};
		89F25AC4206A34B10061AA74 /* DouYuAPPUITests */ = {
			isa = PBXNativeTarget;
			buildConfigurationList = 89F25AD4206A34B10061AA74 /* Build configuration list for PBXNativeTarget "DouYuAPPUITests" */;
			buildPhases = (
				89F25AC1206A34B10061AA74 /* Sources */,
				89F25AC2206A34B10061AA74 /* Frameworks */,
				89F25AC3206A34B10061AA74 /* Resources */,
			);
			buildRules = (
			);
			dependencies = (
				89F25AC7206A34B10061AA74 /* PBXTargetDependency */,
			);
			name = DouYuAPPUITests;
			productName = DouYuAPPUITests;
			productReference = 89F25AC5206A34B10061AA74 /* DouYuAPPUITests.xctest */;
			productType = "com.apple.product-type.bundle.ui-testing";
		};
/* End PBXNativeTarget section */

/* Begin PBXProject section */
		89F25A9E206A34B10061AA74 /* Project object */ = {
			isa = PBXProject;
			attributes = {
				LastSwiftUpdateCheck = 0920;
				LastUpgradeCheck = 0920;
				ORGANIZATIONNAME = "globalwings ";
				TargetAttributes = {
					89F25AA5206A34B10061AA74 = {
						CreatedOnToolsVersion = 9.2;
						ProvisioningStyle = Automatic;
					};
					89F25AB9206A34B10061AA74 = {
						CreatedOnToolsVersion = 9.2;
						ProvisioningStyle = Automatic;
						TestTargetID = 89F25AA5206A34B10061AA74;
					};
					89F25AC4206A34B10061AA74 = {
						CreatedOnToolsVersion = 9.2;
						ProvisioningStyle = Automatic;
						TestTargetID = 89F25AA5206A34B10061AA74;
					};
				};
			};
			buildConfigurationList = 89F25AA1206A34B10061AA74 /* Build configuration list for PBXProject "DouYuAPP" */;
			compatibilityVersion = "Xcode 8.0";
			developmentRegion = en;
			hasScannedForEncodings = 0;
			knownRegions = (
				en,
				Base,
			);
			mainGroup = 89F25A9D206A34B00061AA74;
			productRefGroup = 89F25AA7206A34B10061AA74 /* Products */;
			projectDirPath = "";
			projectRoot = "";
			targets = (
				89F25AA5206A34B10061AA74 /* DouYuAPP */,
				89F25AB9206A34B10061AA74 /* DouYuAPPTests */,
				89F25AC4206A34B10061AA74 /* DouYuAPPUITests */,
			);
		};
/* End PBXProject section */

/* Begin PBXResourcesBuildPhase section */
		89F25AA4206A34B10061AA74 /* Resources */ = {
			isa = PBXResourcesBuildPhase;
			buildActionMask = 2147483647;
			files = (
				89F25AB1206A34B10061AA74 /* Assets.xcassets in Resources */,
				89F25AAF206A34B10061AA74 /* Main.storyboard in Resources */,
			);
			runOnlyForDeploymentPostprocessing = 0;
		};
		89F25AB8206A34B10061AA74 /* Resources */ = {
			isa = PBXResourcesBuildPhase;
			buildActionMask = 2147483647;
			files = (
			);
			runOnlyForDeploymentPostprocessing = 0;
		};
		89F25AC3206A34B10061AA74 /* Resources */ = {
			isa = PBXResourcesBuildPhase;
			buildActionMask = 2147483647;
			files = (
			);
			runOnlyForDeploymentPostprocessing = 0;
		};
/* End PBXResourcesBuildPhase section */

/* Begin PBXShellScriptBuildPhase section */
		8C9A5748EA01D59774FBD496 /* [CP] Copy Pods Resources */ = {
			isa = PBXShellScriptBuildPhase;
			buildActionMask = 2147483647;
			files = (
			);
			inputPaths = (
				"${SRCROOT}/Pods/Target Support Files/Pods-DouYuAPP/Pods-DouYuAPP-resources.sh",
				"${PODS_ROOT}/BaiduMapKit/BaiduMapKit/BaiduMapAPI_Map.framework/Resources/mapapi.bundle",
			);
			name = "[CP] Copy Pods Resources";
			outputPaths = (
				"${TARGET_BUILD_DIR}/${UNLOCALIZED_RESOURCES_FOLDER_PATH}/mapapi.bundle",
			);
			runOnlyForDeploymentPostprocessing = 0;
			shellPath = /bin/sh;
			shellScript = "\"${SRCROOT}/Pods/Target Support Files/Pods-DouYuAPP/Pods-DouYuAPP-resources.sh\"\n";
			showEnvVarsInLog = 0;
		};
		9C827F4D1C28E82CF61C8236 /* [CP] Check Pods Manifest.lock */ = {
			isa = PBXShellScriptBuildPhase;
			buildActionMask = 2147483647;
			files = (
			);
			inputPaths = (
				"${PODS_PODFILE_DIR_PATH}/Podfile.lock",
				"${PODS_ROOT}/Manifest.lock",
			);
			name = "[CP] Check Pods Manifest.lock";
			outputPaths = (
				"$(DERIVED_FILE_DIR)/Pods-DouYuAPP-checkManifestLockResult.txt",
			);
			runOnlyForDeploymentPostprocessing = 0;
			shellPath = /bin/sh;
			shellScript = "diff \"${PODS_PODFILE_DIR_PATH}/Podfile.lock\" \"${PODS_ROOT}/Manifest.lock\" > /dev/null\nif [ $? != 0 ] ; then\n    # print error to STDERR\n    echo \"error: The sandbox is not in sync with the Podfile.lock. Run 'pod install' or update your CocoaPods installation.\" >&2\n    exit 1\nfi\n# This output is used by Xcode 'outputs' to avoid re-running this script phase.\necho \"SUCCESS\" > \"${SCRIPT_OUTPUT_FILE_0}\"\n";
			showEnvVarsInLog = 0;
		};
		CA27EA2F4EE85EE6E0FECD67 /* [CP] Embed Pods Frameworks */ = {
			isa = PBXShellScriptBuildPhase;
			buildActionMask = 2147483647;
			files = (
			);
			inputPaths = (
			);
			name = "[CP] Embed Pods Frameworks";
			outputPaths = (
			);
			runOnlyForDeploymentPostprocessing = 0;
			shellPath = /bin/sh;
			shellScript = "\"${SRCROOT}/Pods/Target Support Files/Pods-DouYuAPP/Pods-DouYuAPP-frameworks.sh\"\n";
			showEnvVarsInLog = 0;
		};
/* End PBXShellScriptBuildPhase section */

/* Begin PBXSourcesBuildPhase section */
		89F25AA2206A34B10061AA74 /* Sources */ = {
			isa = PBXSourcesBuildPhase;
			buildActionMask = 2147483647;
			files = (
				89F25AAA206A34B10061AA74 /* AppDelegate.swift in Sources */,
			);
			runOnlyForDeploymentPostprocessing = 0;
		};
		89F25AB6206A34B10061AA74 /* Sources */ = {
			isa = PBXSourcesBuildPhase;
			buildActionMask = 2147483647;
			files = (
				89F25ABF206A34B10061AA74 /* DouYuAPPTests.swift in Sources */,
			);
			runOnlyForDeploymentPostprocessing = 0;
		};
		89F25AC1206A34B10061AA74 /* Sources */ = {
			isa = PBXSourcesBuildPhase;
			buildActionMask = 2147483647;
			files = (
				89F25ACA206A34B10061AA74 /* DouYuAPPUITests.swift in Sources */,
			);
			runOnlyForDeploymentPostprocessing = 0;
		};
/* End PBXSourcesBuildPhase section */

/* Begin PBXTargetDependency section */
		89F25ABC206A34B10061AA74 /* PBXTargetDependency */ = {
			isa = PBXTargetDependency;
			target = 89F25AA5206A34B10061AA74 /* DouYuAPP */;
			targetProxy = 89F25ABB206A34B10061AA74 /* PBXContainerItemProxy */;
		};
		89F25AC7206A34B10061AA74 /* PBXTargetDependency */ = {
			isa = PBXTargetDependency;
			target = 89F25AA5206A34B10061AA74 /* DouYuAPP */;
			targetProxy = 89F25AC6206A34B10061AA74 /* PBXContainerItemProxy */;
		};
/* End PBXTargetDependency section */

/* Begin PBXVariantGroup section */
		89F25AAD206A34B10061AA74 /* Main.storyboard */ = {
			isa = PBXVariantGroup;
			children = (
				89F25AAE206A34B10061AA74 /* Base */,
			);
			name = Main.storyboard;
			sourceTree = "<group>";
		};
/* End PBXVariantGroup section */

/* Begin XCBuildConfiguration section */
		89F25ACC206A34B10061AA74 /* Debug */ = {
			isa = XCBuildConfiguration;
			buildSettings = {
				ALWAYS_SEARCH_USER_PATHS = NO;
				CLANG_ANALYZER_NONNULL = YES;
				CLANG_ANALYZER_NUMBER_OBJECT_CONVERSION = YES_AGGRESSIVE;
				CLANG_CXX_LANGUAGE_STANDARD = "gnu++14";
				CLANG_CXX_LIBRARY = "libc++";
				CLANG_ENABLE_MODULES = YES;
				CLANG_ENABLE_OBJC_ARC = YES;
				CLANG_WARN_BLOCK_CAPTURE_AUTORELEASING = YES;
				CLANG_WARN_BOOL_CONVERSION = YES;
				CLANG_WARN_COMMA = YES;
				CLANG_WARN_CONSTANT_CONVERSION = YES;
				CLANG_WARN_DIRECT_OBJC_ISA_USAGE = YES_ERROR;
				CLANG_WARN_DOCUMENTATION_COMMENTS = YES;
				CLANG_WARN_EMPTY_BODY = YES;
				CLANG_WARN_ENUM_CONVERSION = YES;
				CLANG_WARN_INFINITE_RECURSION = YES;
				CLANG_WARN_INT_CONVERSION = YES;
				CLANG_WARN_NON_LITERAL_NULL_CONVERSION = YES;
				CLANG_WARN_OBJC_LITERAL_CONVERSION = YES;
				CLANG_WARN_OBJC_ROOT_CLASS = YES_ERROR;
				CLANG_WARN_RANGE_LOOP_ANALYSIS = YES;
				CLANG_WARN_STRICT_PROTOTYPES = YES;
				CLANG_WARN_SUSPICIOUS_MOVE = YES;
				CLANG_WARN_UNGUARDED_AVAILABILITY = YES_AGGRESSIVE;
				CLANG_WARN_UNREACHABLE_CODE = YES;
				CLANG_WARN__DUPLICATE_METHOD_MATCH = YES;
				CODE_SIGN_IDENTITY = "iPhone Developer";
				COPY_PHASE_STRIP = NO;
				DEBUG_INFORMATION_FORMAT = dwarf;
				ENABLE_STRICT_OBJC_MSGSEND = YES;
				ENABLE_TESTABILITY = YES;
				GCC_C_LANGUAGE_STANDARD = gnu11;
				GCC_DYNAMIC_NO_PIC = NO;
				GCC_NO_COMMON_BLOCKS = YES;
				GCC_OPTIMIZATION_LEVEL = 0;
				GCC_PREPROCESSOR_DEFINITIONS = (
					"DEBUG=1",
					"$(inherited)",
				);
				GCC_WARN_64_TO_32_BIT_CONVERSION = YES;
				GCC_WARN_ABOUT_RETURN_TYPE = YES_ERROR;
				GCC_WARN_UNDECLARED_SELECTOR = YES;
				GCC_WARN_UNINITIALIZED_AUTOS = YES_AGGRESSIVE;
				GCC_WARN_UNUSED_FUNCTION = YES;
				GCC_WARN_UNUSED_VARIABLE = YES;
				IPHONEOS_DEPLOYMENT_TARGET = 9.0;
				MTL_ENABLE_DEBUG_INFO = YES;
				ONLY_ACTIVE_ARCH = YES;
				SDKROOT = iphoneos;
				SWIFT_ACTIVE_COMPILATION_CONDITIONS = DEBUG;
				SWIFT_OBJC_BRIDGING_HEADER = "/Users/globalwings/Desktop/斗鱼练习/liveTest/DouYuAPP/DouYuAPPTests/DouYuBridge.h";
				SWIFT_OPTIMIZATION_LEVEL = "-Onone";
			};
			name = Debug;
		};
		89F25ACD206A34B10061AA74 /* Release */ = {
			isa = XCBuildConfiguration;
			buildSettings = {
				ALWAYS_SEARCH_USER_PATHS = NO;
				CLANG_ANALYZER_NONNULL = YES;
				CLANG_ANALYZER_NUMBER_OBJECT_CONVERSION = YES_AGGRESSIVE;
				CLANG_CXX_LANGUAGE_STANDARD = "gnu++14";
				CLANG_CXX_LIBRARY = "libc++";
				CLANG_ENABLE_MODULES = YES;
				CLANG_ENABLE_OBJC_ARC = YES;
				CLANG_WARN_BLOCK_CAPTURE_AUTORELEASING = YES;
				CLANG_WARN_BOOL_CONVERSION = YES;
				CLANG_WARN_COMMA = YES;
				CLANG_WARN_CONSTANT_CONVERSION = YES;
				CLANG_WARN_DIRECT_OBJC_ISA_USAGE = YES_ERROR;
				CLANG_WARN_DOCUMENTATION_COMMENTS = YES;
				CLANG_WARN_EMPTY_BODY = YES;
				CLANG_WARN_ENUM_CONVERSION = YES;
				CLANG_WARN_INFINITE_RECURSION = YES;
				CLANG_WARN_INT_CONVERSION = YES;
				CLANG_WARN_NON_LITERAL_NULL_CONVERSION = YES;
				CLANG_WARN_OBJC_LITERAL_CONVERSION = YES;
				CLANG_WARN_OBJC_ROOT_CLASS = YES_ERROR;
				CLANG_WARN_RANGE_LOOP_ANALYSIS = YES;
				CLANG_WARN_STRICT_PROTOTYPES = YES;
				CLANG_WARN_SUSPICIOUS_MOVE = YES;
				CLANG_WARN_UNGUARDED_AVAILABILITY = YES_AGGRESSIVE;
				CLANG_WARN_UNREACHABLE_CODE = YES;
				CLANG_WARN__DUPLICATE_METHOD_MATCH = YES;
				CODE_SIGN_IDENTITY = "iPhone Developer";
				COPY_PHASE_STRIP = NO;
				DEBUG_INFORMATION_FORMAT = "dwarf-with-dsym";
				ENABLE_NS_ASSERTIONS = NO;
				ENABLE_STRICT_OBJC_MSGSEND = YES;
				GCC_C_LANGUAGE_STANDARD = gnu11;
				GCC_NO_COMMON_BLOCKS = YES;
				GCC_WARN_64_TO_32_BIT_CONVERSION = YES;
				GCC_WARN_ABOUT_RETURN_TYPE = YES_ERROR;
				GCC_WARN_UNDECLARED_SELECTOR = YES;
				GCC_WARN_UNINITIALIZED_AUTOS = YES_AGGRESSIVE;
				GCC_WARN_UNUSED_FUNCTION = YES;
				GCC_WARN_UNUSED_VARIABLE = YES;
				IPHONEOS_DEPLOYMENT_TARGET = 9.0;
				MTL_ENABLE_DEBUG_INFO = NO;
				SDKROOT = iphoneos;
				SWIFT_OBJC_BRIDGING_HEADER = "/Users/globalwings/Desktop/斗鱼练习/liveTest/DouYuAPP/DouYuAPPTests/DouYuBridge.h";
				SWIFT_OPTIMIZATION_LEVEL = "-Owholemodule";
				VALIDATE_PRODUCT = YES;
			};
			name = Release;
		};
		89F25ACF206A34B10061AA74 /* Debug */ = {
			isa = XCBuildConfiguration;
			baseConfigurationReference = 061D7A325850DF1AD5789EA6 /* Pods-DouYuAPP.debug.xcconfig */;
			buildSettings = {
				ASSETCATALOG_COMPILER_APPICON_NAME = AppIcon;
				ASSETCATALOG_COMPILER_LAUNCHIMAGE_NAME = LaunchImage;
				CODE_SIGN_STYLE = Automatic;
				DEVELOPMENT_TEAM = MFJWBMQMPF;
				INFOPLIST_FILE = DouYuAPP/Info.plist;
				LD_RUNPATH_SEARCH_PATHS = "$(inherited) @executable_path/Frameworks";
				PRODUCT_BUNDLE_IDENTIFIER = com.globalwings.DouYuAPP;
				PRODUCT_NAME = "$(TARGET_NAME)";
				SWIFT_OBJC_BRIDGING_HEADER = "/Users/globalwings/Desktop/斗鱼练习/liveTest/DouYuAPP/DouYuAPPTests/DouYuBridge.h";
				SWIFT_VERSION = 4.0;
				TARGETED_DEVICE_FAMILY = "1,2";
			};
			name = Debug;
		};
		89F25AD0206A34B10061AA74 /* Release */ = {
			isa = XCBuildConfiguration;
			baseConfigurationReference = 427FAEA228C14F04A4E6A5DF /* Pods-DouYuAPP.release.xcconfig */;
			buildSettings = {
				ASSETCATALOG_COMPILER_APPICON_NAME = AppIcon;
				ASSETCATALOG_COMPILER_LAUNCHIMAGE_NAME = LaunchImage;
				CODE_SIGN_STYLE = Automatic;
				DEVELOPMENT_TEAM = MFJWBMQMPF;
				INFOPLIST_FILE = DouYuAPP/Info.plist;
				LD_RUNPATH_SEARCH_PATHS = "$(inherited) @executable_path/Frameworks";
				PRODUCT_BUNDLE_IDENTIFIER = com.globalwings.DouYuAPP;
				PRODUCT_NAME = "$(TARGET_NAME)";
				SWIFT_OBJC_BRIDGING_HEADER = "/Users/globalwings/Desktop/斗鱼练习/liveTest/DouYuAPP/DouYuAPPTests/DouYuBridge.h";
				SWIFT_VERSION = 4.0;
				TARGETED_DEVICE_FAMILY = "1,2";
			};
			name = Release;
		};
		89F25AD2206A34B10061AA74 /* Debug */ = {
			isa = XCBuildConfiguration;
			buildSettings = {
				ALWAYS_EMBED_SWIFT_STANDARD_LIBRARIES = YES;
				BUNDLE_LOADER = "$(TEST_HOST)";
				CODE_SIGN_STYLE = Automatic;
				INFOPLIST_FILE = DouYuAPPTests/Info.plist;
				LD_RUNPATH_SEARCH_PATHS = "$(inherited) @executable_path/Frameworks @loader_path/Frameworks";
				PRODUCT_BUNDLE_IDENTIFIER = com.globalwings.DouYuAPPTests;
				PRODUCT_NAME = "$(TARGET_NAME)";
				SWIFT_VERSION = 4.0;
				TARGETED_DEVICE_FAMILY = "1,2";
				TEST_HOST = "$(BUILT_PRODUCTS_DIR)/DouYuAPP.app/DouYuAPP";
			};
			name = Debug;
		};
		89F25AD3206A34B10061AA74 /* Release */ = {
			isa = XCBuildConfiguration;
			buildSettings = {
				ALWAYS_EMBED_SWIFT_STANDARD_LIBRARIES = YES;
				BUNDLE_LOADER = "$(TEST_HOST)";
				CODE_SIGN_STYLE = Automatic;
				INFOPLIST_FILE = DouYuAPPTests/Info.plist;
				LD_RUNPATH_SEARCH_PATHS = "$(inherited) @executable_path/Frameworks @loader_path/Frameworks";
				PRODUCT_BUNDLE_IDENTIFIER = com.globalwings.DouYuAPPTests;
				PRODUCT_NAME = "$(TARGET_NAME)";
				SWIFT_VERSION = 4.0;
				TARGETED_DEVICE_FAMILY = "1,2";
				TEST_HOST = "$(BUILT_PRODUCTS_DIR)/DouYuAPP.app/DouYuAPP";
			};
			name = Release;
		};
		89F25AD5206A34B10061AA74 /* Debug */ = {
			isa = XCBuildConfiguration;
			buildSettings = {
				ALWAYS_EMBED_SWIFT_STANDARD_LIBRARIES = YES;
				CODE_SIGN_STYLE = Automatic;
				INFOPLIST_FILE = DouYuAPPUITests/Info.plist;
				LD_RUNPATH_SEARCH_PATHS = "$(inherited) @executable_path/Frameworks @loader_path/Frameworks";
				PRODUCT_BUNDLE_IDENTIFIER = com.globalwings.DouYuAPPUITests;
				PRODUCT_NAME = "$(TARGET_NAME)";
				SWIFT_VERSION = 4.0;
				TARGETED_DEVICE_FAMILY = "1,2";
				TEST_TARGET_NAME = DouYuAPP;
			};
			name = Debug;
		};
		89F25AD6206A34B10061AA74 /* Release */ = {
			isa = XCBuildConfiguration;
			buildSettings = {
				ALWAYS_EMBED_SWIFT_STANDARD_LIBRARIES = YES;
				CODE_SIGN_STYLE = Automatic;
				INFOPLIST_FILE = DouYuAPPUITests/Info.plist;
				LD_RUNPATH_SEARCH_PATHS = "$(inherited) @executable_path/Frameworks @loader_path/Frameworks";
				PRODUCT_BUNDLE_IDENTIFIER = com.globalwings.DouYuAPPUITests;
				PRODUCT_NAME = "$(TARGET_NAME)";
				SWIFT_VERSION = 4.0;
				TARGETED_DEVICE_FAMILY = "1,2";
				TEST_TARGET_NAME = DouYuAPP;
			};
			name = Release;
		};
/* End XCBuildConfiguration section */

/* Begin XCConfigurationList section */
		89F25AA1206A34B10061AA74 /* Build configuration list for PBXProject "DouYuAPP" */ = {
			isa = XCConfigurationList;
			buildConfigurations = (
				89F25ACC206A34B10061AA74 /* Debug */,
				89F25ACD206A34B10061AA74 /* Release */,
			);
			defaultConfigurationIsVisible = 0;
			defaultConfigurationName = Release;
		};
		89F25ACE206A34B10061AA74 /* Build configuration list for PBXNativeTarget "DouYuAPP" */ = {
			isa = XCConfigurationList;
			buildConfigurations = (
				89F25ACF206A34B10061AA74 /* Debug */,
				89F25AD0206A34B10061AA74 /* Release */,
			);
			defaultConfigurationIsVisible = 0;
			defaultConfigurationName = Release;
		};
		89F25AD1206A34B10061AA74 /* Build configuration list for PBXNativeTarget "DouYuAPPTests" */ = {
			isa = XCConfigurationList;
			buildConfigurations = (
				89F25AD2206A34B10061AA74 /* Debug */,
				89F25AD3206A34B10061AA74 /* Release */,
			);
			defaultConfigurationIsVisible = 0;
			defaultConfigurationName = Release;
		};
		89F25AD4206A34B10061AA74 /* Build configuration list for PBXNativeTarget "DouYuAPPUITests" */ = {
			isa = XCConfigurationList;
			buildConfigurations = (
				89F25AD5206A34B10061AA74 /* Debug */,
				89F25AD6206A34B10061AA74 /* Release */,
			);
			defaultConfigurationIsVisible = 0;
			defaultConfigurationName = Release;
		};
/* End XCConfigurationList section */
	};
	rootObject = 89F25A9E206A34B10061AA74 /* Project object */;
}
