// !$*UTF8*$!
{
	archiveVersion = 1;
	classes = {
	};
	objectVersion = 46;
	objects = {

/* Begin PBXBuildFile section */
		8B166CA71FAC4A39001E56B1 /* ViewController.m in Sources */ = {isa = PBXBuildFile; fileRef = 8B166CA61FAC4A39001E56B1 /* ViewController.m */; };
		8B4A410520E0A63300B2FAB8 /* am_0@2x.png in Resources */ = {isa = PBXBuildFile; fileRef = 8B4A40FD20E0A63300B2FAB8 /* am_0@2x.png */; };
		8B4A410620E0A63300B2FAB8 /* am_1@2x.png in Resources */ = {isa = PBXBuildFile; fileRef = 8B4A40FE20E0A63300B2FAB8 /* am_1@2x.png */; };
		8B4A410720E0A63300B2FAB8 /* am_2@2x.png in Resources */ = {isa = PBXBuildFile; fileRef = 8B4A40FF20E0A63300B2FAB8 /* am_2@2x.png */; };
		8B4A410820E0A63300B2FAB8 /* am_3@2x.png in Resources */ = {isa = PBXBuildFile; fileRef = 8B4A410020E0A63300B2FAB8 /* am_3@2x.png */; };
		8B4A410920E0A63300B2FAB8 /* am_4@2x.png in Resources */ = {isa = PBXBuildFile; fileRef = 8B4A410120E0A63300B2FAB8 /* am_4@2x.png */; };
		8B4A410A20E0A63300B2FAB8 /* am_5@2x.png in Resources */ = {isa = PBXBuildFile; fileRef = 8B4A410220E0A63300B2FAB8 /* am_5@2x.png */; };
		8B4A410B20E0A63300B2FAB8 /* am_6@2x.png in Resources */ = {isa = PBXBuildFile; fileRef = 8B4A410320E0A63300B2FAB8 /* am_6@2x.png */; };
		8B4A410C20E0A63300B2FAB8 /* am_7@2x.png in Resources */ = {isa = PBXBuildFile; fileRef = 8B4A410420E0A63300B2FAB8 /* am_7@2x.png */; };
		8B4A410E20E0A65000B2FAB8 /* am_add@2x.png in Resources */ = {isa = PBXBuildFile; fileRef = 8B4A410D20E0A65000B2FAB8 /* am_add@2x.png */; };
		8BA725E720E099B20089C59A /* UIView+Geometry.m in Sources */ = {isa = PBXBuildFile; fileRef = 8BA725E520E099B20089C59A /* UIView+Geometry.m */; };
		8BBD607E1FAB240D00FBA7CA /* main.m in Sources */ = {isa = PBXBuildFile; fileRef = 8BBD607D1FAB240D00FBA7CA /* main.m */; };
		8BBD60811FAB240D00FBA7CA /* AppDelegate.m in Sources */ = {isa = PBXBuildFile; fileRef = 8BBD60801FAB240D00FBA7CA /* AppDelegate.m */; };
		8BBD60871FAB240D00FBA7CA /* Main.storyboard in Resources */ = {isa = PBXBuildFile; fileRef = 8BBD60851FAB240D00FBA7CA /* Main.storyboard */; };
		8BBD60891FAB240D00FBA7CA /* Assets.xcassets in Resources */ = {isa = PBXBuildFile; fileRef = 8BBD60881FAB240D00FBA7CA /* Assets.xcassets */; };
		8BBD608C1FAB240D00FBA7CA /* LaunchScreen.storyboard in Resources */ = {isa = PBXBuildFile; fileRef = 8BBD608A1FAB240D00FBA7CA /* LaunchScreen.storyboard */; };
		8BC59A0820E1DE49005822B2 /* DriftAnimationController.m in Sources */ = {isa = PBXBuildFile; fileRef = 8BC59A0720E1DE49005822B2 /* DriftAnimationController.m */; };
		8BC59A0B20E1DF32005822B2 /* BasicAnimationController.m in Sources */ = {isa = PBXBuildFile; fileRef = 8BC59A0A20E1DF32005822B2 /* BasicAnimationController.m */; };
		8BC59A0E20E1DF69005822B2 /* TransitionAnimationController.m in Sources */ = {isa = PBXBuildFile; fileRef = 8BC59A0D20E1DF69005822B2 /* TransitionAnimationController.m */; };
		8BC59A1120E1E037005822B2 /* CommonAnimationController.m in Sources */ = {isa = PBXBuildFile; fileRef = 8BC59A1020E1E037005822B2 /* CommonAnimationController.m */; };
		8BCC1A721FD785B200F0223C /* bg_0.jpeg in Resources */ = {isa = PBXBuildFile; fileRef = 8BCC1A661FD785B200F0223C /* bg_0.jpeg */; };
		8BCC1A731FD785B200F0223C /* bg_1.jpeg in Resources */ = {isa = PBXBuildFile; fileRef = 8BCC1A671FD785B200F0223C /* bg_1.jpeg */; };
		8BCC1A741FD785B200F0223C /* leaf_0@2x.png in Resources */ = {isa = PBXBuildFile; fileRef = 8BCC1A691FD785B200F0223C /* leaf_0@2x.png */; };
		8BCC1A751FD785B200F0223C /* leaf_1@2x.png in Resources */ = {isa = PBXBuildFile; fileRef = 8BCC1A6A1FD785B200F0223C /* leaf_1@2x.png */; };
		8BCC1A761FD785B200F0223C /* leaf_2@2x.png in Resources */ = {isa = PBXBuildFile; fileRef = 8BCC1A6B1FD785B200F0223C /* leaf_2@2x.png */; };
		8BCC1A771FD785B200F0223C /* leaf_3@2x.png in Resources */ = {isa = PBXBuildFile; fileRef = 8BCC1A6C1FD785B200F0223C /* leaf_3@2x.png */; };
		8BCC1A781FD785B200F0223C /* leaf_4@2x.png in Resources */ = {isa = PBXBuildFile; fileRef = 8BCC1A6D1FD785B200F0223C /* leaf_4@2x.png */; };
		8BCC1A7E1FD787F700F0223C /* leaf_bg@2x.png in Resources */ = {isa = PBXBuildFile; fileRef = 8BCC1A7D1FD787F700F0223C /* leaf_bg@2x.png */; };
		B2FEFE4B33018D870B026979 /* libPods-CAAnimationUtil.a in Frameworks */ = {isa = PBXBuildFile; fileRef = FD9ABAFDEFAB5CC718C9527C /* libPods-CAAnimationUtil.a */; };
/* End PBXBuildFile section */

/* Begin PBXFileReference section */
		27F21DDAD372ECA7F4C41B3E /* Pods-CAAnimationUtil.release.xcconfig */ = {isa = PBXFileReference; includeInIndex = 1; lastKnownFileType = text.xcconfig; name = "Pods-CAAnimationUtil.release.xcconfig"; path = "Pods/Target Support Files/Pods-CAAnimationUtil/Pods-CAAnimationUtil.release.xcconfig"; sourceTree = "<group>"; };
		8B166CA51FAC4A39001E56B1 /* ViewController.h */ = {isa = PBXFileReference; fileEncoding = 4; lastKnownFileType = sourcecode.c.h; path = ViewController.h; sourceTree = "<group>"; };
		8B166CA61FAC4A39001E56B1 /* ViewController.m */ = {isa = PBXFileReference; fileEncoding = 4; lastKnownFileType = sourcecode.c.objc; path = ViewController.m; sourceTree = "<group>"; };
		8B4A40FD20E0A63300B2FAB8 /* am_0@2x.png */ = {isa = PBXFileReference; lastKnownFileType = image.png; path = "am_0@2x.png"; sourceTree = "<group>"; };
		8B4A40FE20E0A63300B2FAB8 /* am_1@2x.png */ = {isa = PBXFileReference; lastKnownFileType = image.png; path = "am_1@2x.png"; sourceTree = "<group>"; };
		8B4A40FF20E0A63300B2FAB8 /* am_2@2x.png */ = {isa = PBXFileReference; lastKnownFileType = image.png; path = "am_2@2x.png"; sourceTree = "<group>"; };
		8B4A410020E0A63300B2FAB8 /* am_3@2x.png */ = {isa = PBXFileReference; lastKnownFileType = image.png; path = "am_3@2x.png"; sourceTree = "<group>"; };
		8B4A410120E0A63300B2FAB8 /* am_4@2x.png */ = {isa = PBXFileReference; lastKnownFileType = image.png; path = "am_4@2x.png"; sourceTree = "<group>"; };
		8B4A410220E0A63300B2FAB8 /* am_5@2x.png */ = {isa = PBXFileReference; lastKnownFileType = image.png; path = "am_5@2x.png"; sourceTree = "<group>"; };
		8B4A410320E0A63300B2FAB8 /* am_6@2x.png */ = {isa = PBXFileReference; lastKnownFileType = image.png; path = "am_6@2x.png"; sourceTree = "<group>"; };
		8B4A410420E0A63300B2FAB8 /* am_7@2x.png */ = {isa = PBXFileReference; lastKnownFileType = image.png; path = "am_7@2x.png"; sourceTree = "<group>"; };
		8B4A410D20E0A65000B2FAB8 /* am_add@2x.png */ = {isa = PBXFileReference; lastKnownFileType = image.png; path = "am_add@2x.png"; sourceTree = "<group>"; };
		8BA725E220E099B20089C59A /* UIView+Geometry.h */ = {isa = PBXFileReference; fileEncoding = 4; lastKnownFileType = sourcecode.c.h; path = "UIView+Geometry.h"; sourceTree = "<group>"; };
		8BA725E520E099B20089C59A /* UIView+Geometry.m */ = {isa = PBXFileReference; fileEncoding = 4; lastKnownFileType = sourcecode.c.objc; path = "UIView+Geometry.m"; sourceTree = "<group>"; };
		8BBD60791FAB240D00FBA7CA /* CAAnimationUtil.app */ = {isa = PBXFileReference; explicitFileType = wrapper.application; includeInIndex = 0; path = CAAnimationUtil.app; sourceTree = BUILT_PRODUCTS_DIR; };
		8BBD607D1FAB240D00FBA7CA /* main.m */ = {isa = PBXFileReference; lastKnownFileType = sourcecode.c.objc; path = main.m; sourceTree = "<group>"; };
		8BBD607F1FAB240D00FBA7CA /* AppDelegate.h */ = {isa = PBXFileReference; lastKnownFileType = sourcecode.c.h; path = AppDelegate.h; sourceTree = "<group>"; };
		8BBD60801FAB240D00FBA7CA /* AppDelegate.m */ = {isa = PBXFileReference; lastKnownFileType = sourcecode.c.objc; path = AppDelegate.m; sourceTree = "<group>"; };
		8BBD60861FAB240D00FBA7CA /* Base */ = {isa = PBXFileReference; lastKnownFileType = file.storyboard; name = Base; path = Base.lproj/Main.storyboard; sourceTree = "<group>"; };
		8BBD60881FAB240D00FBA7CA /* Assets.xcassets */ = {isa = PBXFileReference; lastKnownFileType = folder.assetcatalog; path = Assets.xcassets; sourceTree = "<group>"; };
		8BBD608B1FAB240D00FBA7CA /* Base */ = {isa = PBXFileReference; lastKnownFileType = file.storyboard; name = Base; path = Base.lproj/LaunchScreen.storyboard; sourceTree = "<group>"; };
		8BBD608D1FAB240D00FBA7CA /* CAAnimationUtil-Info.plist */ = {isa = PBXFileReference; lastKnownFileType = text.plist.xml; path = "CAAnimationUtil-Info.plist"; sourceTree = "<group>"; };
		8BC59A0620E1DE49005822B2 /* DriftAnimationController.h */ = {isa = PBXFileReference; lastKnownFileType = sourcecode.c.h; path = DriftAnimationController.h; sourceTree = "<group>"; };
		8BC59A0720E1DE49005822B2 /* DriftAnimationController.m */ = {isa = PBXFileReference; lastKnownFileType = sourcecode.c.objc; path = DriftAnimationController.m; sourceTree = "<group>"; };
		8BC59A0920E1DF32005822B2 /* BasicAnimationController.h */ = {isa = PBXFileReference; lastKnownFileType = sourcecode.c.h; path = BasicAnimationController.h; sourceTree = "<group>"; };
		8BC59A0A20E1DF32005822B2 /* BasicAnimationController.m */ = {isa = PBXFileReference; lastKnownFileType = sourcecode.c.objc; path = BasicAnimationController.m; sourceTree = "<group>"; };
		8BC59A0C20E1DF69005822B2 /* TransitionAnimationController.h */ = {isa = PBXFileReference; lastKnownFileType = sourcecode.c.h; path = TransitionAnimationController.h; sourceTree = "<group>"; };
		8BC59A0D20E1DF69005822B2 /* TransitionAnimationController.m */ = {isa = PBXFileReference; lastKnownFileType = sourcecode.c.objc; path = TransitionAnimationController.m; sourceTree = "<group>"; };
		8BC59A0F20E1E037005822B2 /* CommonAnimationController.h */ = {isa = PBXFileReference; lastKnownFileType = sourcecode.c.h; path = CommonAnimationController.h; sourceTree = "<group>"; };
		8BC59A1020E1E037005822B2 /* CommonAnimationController.m */ = {isa = PBXFileReference; lastKnownFileType = sourcecode.c.objc; path = CommonAnimationController.m; sourceTree = "<group>"; };
		8BC59A1220E1E167005822B2 /* CAAnimationUtil-Prefix.pch */ = {isa = PBXFileReference; lastKnownFileType = sourcecode.c.h; path = "CAAnimationUtil-Prefix.pch"; sourceTree = "<group>"; };
		8BCC1A661FD785B200F0223C /* bg_0.jpeg */ = {isa = PBXFileReference; lastKnownFileType = image.jpeg; path = bg_0.jpeg; sourceTree = "<group>"; };
		8BCC1A671FD785B200F0223C /* bg_1.jpeg */ = {isa = PBXFileReference; lastKnownFileType = image.jpeg; path = bg_1.jpeg; sourceTree = "<group>"; };
		8BCC1A691FD785B200F0223C /* leaf_0@2x.png */ = {isa = PBXFileReference; lastKnownFileType = image.png; path = "leaf_0@2x.png"; sourceTree = "<group>"; };
		8BCC1A6A1FD785B200F0223C /* leaf_1@2x.png */ = {isa = PBXFileReference; lastKnownFileType = image.png; path = "leaf_1@2x.png"; sourceTree = "<group>"; };
		8BCC1A6B1FD785B200F0223C /* leaf_2@2x.png */ = {isa = PBXFileReference; lastKnownFileType = image.png; path = "leaf_2@2x.png"; sourceTree = "<group>"; };
		8BCC1A6C1FD785B200F0223C /* leaf_3@2x.png */ = {isa = PBXFileReference; lastKnownFileType = image.png; path = "leaf_3@2x.png"; sourceTree = "<group>"; };
		8BCC1A6D1FD785B200F0223C /* leaf_4@2x.png */ = {isa = PBXFileReference; lastKnownFileType = image.png; path = "leaf_4@2x.png"; sourceTree = "<group>"; };
		8BCC1A7D1FD787F700F0223C /* leaf_bg@2x.png */ = {isa = PBXFileReference; lastKnownFileType = image.png; path = "leaf_bg@2x.png"; sourceTree = "<group>"; };
		EA990F3C3637DADCB81CC25E /* Pods-CAAnimationUtil.debug.xcconfig */ = {isa = PBXFileReference; includeInIndex = 1; lastKnownFileType = text.xcconfig; name = "Pods-CAAnimationUtil.debug.xcconfig"; path = "Pods/Target Support Files/Pods-CAAnimationUtil/Pods-CAAnimationUtil.debug.xcconfig"; sourceTree = "<group>"; };
		FD9ABAFDEFAB5CC718C9527C /* libPods-CAAnimationUtil.a */ = {isa = PBXFileReference; explicitFileType = archive.ar; includeInIndex = 0; path = "libPods-CAAnimationUtil.a"; sourceTree = BUILT_PRODUCTS_DIR; };
/* End PBXFileReference section */

/* Begin PBXFrameworksBuildPhase section */
		8BBD60761FAB240D00FBA7CA /* Frameworks */ = {
			isa = PBXFrameworksBuildPhase;
			buildActionMask = 2147483647;
			files = (
				B2FEFE4B33018D870B026979 /* libPods-CAAnimationUtil.a in Frameworks */,
			);
			runOnlyForDeploymentPostprocessing = 0;
		};
/* End PBXFrameworksBuildPhase section */

/* Begin PBXGroup section */
		7E0773E7BE181074C6DF737B /* Frameworks */ = {
			isa = PBXGroup;
			children = (
				FD9ABAFDEFAB5CC718C9527C /* libPods-CAAnimationUtil.a */,
			);
			name = Frameworks;
			sourceTree = "<group>";
		};
		8B4A40FC20E0A63300B2FAB8 /* Am */ = {
			isa = PBXGroup;
			children = (
				8B4A410D20E0A65000B2FAB8 /* am_add@2x.png */,
				8B4A40FD20E0A63300B2FAB8 /* am_0@2x.png */,
				8B4A40FE20E0A63300B2FAB8 /* am_1@2x.png */,
				8B4A40FF20E0A63300B2FAB8 /* am_2@2x.png */,
				8B4A410020E0A63300B2FAB8 /* am_3@2x.png */,
				8B4A410120E0A63300B2FAB8 /* am_4@2x.png */,
				8B4A410220E0A63300B2FAB8 /* am_5@2x.png */,
				8B4A410320E0A63300B2FAB8 /* am_6@2x.png */,
				8B4A410420E0A63300B2FAB8 /* am_7@2x.png */,
			);
			path = Am;
			sourceTree = "<group>";
		};
		8BA725E920E099ED0089C59A /* Classes */ = {
			isa = PBXGroup;
			children = (
				8BA725E220E099B20089C59A /* UIView+Geometry.h */,
				8BA725E520E099B20089C59A /* UIView+Geometry.m */,
				8BC59A0920E1DF32005822B2 /* BasicAnimationController.h */,
				8BC59A0A20E1DF32005822B2 /* BasicAnimationController.m */,
				8BC59A0C20E1DF69005822B2 /* TransitionAnimationController.h */,
				8BC59A0D20E1DF69005822B2 /* TransitionAnimationController.m */,
				8BC59A0620E1DE49005822B2 /* DriftAnimationController.h */,
				8BC59A0720E1DE49005822B2 /* DriftAnimationController.m */,
				8BC59A0F20E1E037005822B2 /* CommonAnimationController.h */,
				8BC59A1020E1E037005822B2 /* CommonAnimationController.m */,
			);
			path = Classes;
			sourceTree = "<group>";
		};
		8BBD60701FAB240D00FBA7CA = {
			isa = PBXGroup;
			children = (
				8BBD607B1FAB240D00FBA7CA /* CAAnimationUtil */,
				8BBD607A1FAB240D00FBA7CA /* Products */,
				CF3A6685B53EBA7A084F0100 /* Pods */,
				7E0773E7BE181074C6DF737B /* Frameworks */,
			);
			sourceTree = "<group>";
		};
		8BBD607A1FAB240D00FBA7CA /* Products */ = {
			isa = PBXGroup;
			children = (
				8BBD60791FAB240D00FBA7CA /* CAAnimationUtil.app */,
			);
			name = Products;
			sourceTree = "<group>";
		};
		8BBD607B1FAB240D00FBA7CA /* CAAnimationUtil */ = {
			isa = PBXGroup;
			children = (
				8BA725E920E099ED0089C59A /* Classes */,
				8BBD607F1FAB240D00FBA7CA /* AppDelegate.h */,
				8BBD60801FAB240D00FBA7CA /* AppDelegate.m */,
				8B166CA51FAC4A39001E56B1 /* ViewController.h */,
				8B166CA61FAC4A39001E56B1 /* ViewController.m */,
				8BBD607C1FAB240D00FBA7CA /* Supporting Files */,
			);
			path = CAAnimationUtil;
			sourceTree = "<group>";
		};
		8BBD607C1FAB240D00FBA7CA /* Supporting Files */ = {
			isa = PBXGroup;
			children = (
				8BCC1A651FD785B200F0223C /* Resources */,
				8BBD60851FAB240D00FBA7CA /* Main.storyboard */,
				8BBD60881FAB240D00FBA7CA /* Assets.xcassets */,
				8BBD608A1FAB240D00FBA7CA /* LaunchScreen.storyboard */,
				8BBD607D1FAB240D00FBA7CA /* main.m */,
				8BBD608D1FAB240D00FBA7CA /* CAAnimationUtil-Info.plist */,
				8BC59A1220E1E167005822B2 /* CAAnimationUtil-Prefix.pch */,
			);
			name = "Supporting Files";
			sourceTree = "<group>";
		};
		8BCC1A651FD785B200F0223C /* Resources */ = {
			isa = PBXGroup;
			children = (
				8B4A40FC20E0A63300B2FAB8 /* Am */,
				8BCC1A681FD785B200F0223C /* Leaf */,
				8BCC1A661FD785B200F0223C /* bg_0.jpeg */,
				8BCC1A671FD785B200F0223C /* bg_1.jpeg */,
			);
			path = Resources;
			sourceTree = "<group>";
		};
		8BCC1A681FD785B200F0223C /* Leaf */ = {
			isa = PBXGroup;
			children = (
				8BCC1A7D1FD787F700F0223C /* leaf_bg@2x.png */,
				8BCC1A691FD785B200F0223C /* leaf_0@2x.png */,
				8BCC1A6A1FD785B200F0223C /* leaf_1@2x.png */,
				8BCC1A6B1FD785B200F0223C /* leaf_2@2x.png */,
				8BCC1A6C1FD785B200F0223C /* leaf_3@2x.png */,
				8BCC1A6D1FD785B200F0223C /* leaf_4@2x.png */,
			);
			path = Leaf;
			sourceTree = "<group>";
		};
		CF3A6685B53EBA7A084F0100 /* Pods */ = {
			isa = PBXGroup;
			children = (
				EA990F3C3637DADCB81CC25E /* Pods-CAAnimationUtil.debug.xcconfig */,
				27F21DDAD372ECA7F4C41B3E /* Pods-CAAnimationUtil.release.xcconfig */,
			);
			name = Pods;
			sourceTree = "<group>";
		};
/* End PBXGroup section */

/* Begin PBXNativeTarget section */
		8BBD60781FAB240D00FBA7CA /* CAAnimationUtil */ = {
			isa = PBXNativeTarget;
			buildConfigurationList = 8BBD60901FAB240D00FBA7CA /* Build configuration list for PBXNativeTarget "CAAnimationUtil" */;
			buildPhases = (
				2A6BB5E8575232FAED44C620 /* [CP] Check Pods Manifest.lock */,
				8BBD60751FAB240D00FBA7CA /* Sources */,
				8BBD60761FAB240D00FBA7CA /* Frameworks */,
				8BBD60771FAB240D00FBA7CA /* Resources */,
				52477771702967B36CBDEACD /* [CP] Embed Pods Frameworks */,
				8896775D18C3762BA7BA5B26 /* [CP] Copy Pods Resources */,
			);
			buildRules = (
			);
			dependencies = (
			);
			name = CAAnimationUtil;
			productName = CAAnimationUtil;
			productReference = 8BBD60791FAB240D00FBA7CA /* CAAnimationUtil.app */;
			productType = "com.apple.product-type.application";
		};
/* End PBXNativeTarget section */

/* Begin PBXProject section */
		8BBD60711FAB240D00FBA7CA /* Project object */ = {
			isa = PBXProject;
			attributes = {
				LastUpgradeCheck = 0830;
				ORGANIZATIONNAME = LEA;
				TargetAttributes = {
					8BBD60781FAB240D00FBA7CA = {
						CreatedOnToolsVersion = 8.3.3;
						DevelopmentTeam = GRSZLFFNPH;
						ProvisioningStyle = Automatic;
					};
				};
			};
			buildConfigurationList = 8BBD60741FAB240D00FBA7CA /* Build configuration list for PBXProject "CAAnimationUtil" */;
			compatibilityVersion = "Xcode 3.2";
			developmentRegion = English;
			hasScannedForEncodings = 0;
			knownRegions = (
				en,
				Base,
			);
			mainGroup = 8BBD60701FAB240D00FBA7CA;
			productRefGroup = 8BBD607A1FAB240D00FBA7CA /* Products */;
			projectDirPath = "";
			projectRoot = "";
			targets = (
				8BBD60781FAB240D00FBA7CA /* CAAnimationUtil */,
			);
		};
/* End PBXProject section */

/* Begin PBXResourcesBuildPhase section */
		8BBD60771FAB240D00FBA7CA /* Resources */ = {
			isa = PBXResourcesBuildPhase;
			buildActionMask = 2147483647;
			files = (
				8BBD608C1FAB240D00FBA7CA /* LaunchScreen.storyboard in Resources */,
				8BCC1A721FD785B200F0223C /* bg_0.jpeg in Resources */,
				8B4A410C20E0A63300B2FAB8 /* am_7@2x.png in Resources */,
				8B4A410A20E0A63300B2FAB8 /* am_5@2x.png in Resources */,
				8B4A410E20E0A65000B2FAB8 /* am_add@2x.png in Resources */,
				8BCC1A751FD785B200F0223C /* leaf_1@2x.png in Resources */,
				8BCC1A761FD785B200F0223C /* leaf_2@2x.png in Resources */,
				8B4A410B20E0A63300B2FAB8 /* am_6@2x.png in Resources */,
				8BBD60891FAB240D00FBA7CA /* Assets.xcassets in Resources */,
				8B4A410820E0A63300B2FAB8 /* am_3@2x.png in Resources */,
				8BCC1A771FD785B200F0223C /* leaf_3@2x.png in Resources */,
				8BCC1A741FD785B200F0223C /* leaf_0@2x.png in Resources */,
				8BCC1A731FD785B200F0223C /* bg_1.jpeg in Resources */,
				8B4A410920E0A63300B2FAB8 /* am_4@2x.png in Resources */,
				8B4A410620E0A63300B2FAB8 /* am_1@2x.png in Resources */,
				8BBD60871FAB240D00FBA7CA /* Main.storyboard in Resources */,
				8B4A410520E0A63300B2FAB8 /* am_0@2x.png in Resources */,
				8BCC1A781FD785B200F0223C /* leaf_4@2x.png in Resources */,
				8BCC1A7E1FD787F700F0223C /* leaf_bg@2x.png in Resources */,
				8B4A410720E0A63300B2FAB8 /* am_2@2x.png in Resources */,
			);
			runOnlyForDeploymentPostprocessing = 0;
		};
/* End PBXResourcesBuildPhase section */

/* Begin PBXShellScriptBuildPhase section */
		2A6BB5E8575232FAED44C620 /* [CP] Check Pods Manifest.lock */ = {
			isa = PBXShellScriptBuildPhase;
			buildActionMask = 2147483647;
			files = (
			);
			inputPaths = (
				"${PODS_PODFILE_DIR_PATH}/Podfile.lock",
				"${PODS_ROOT}/Manifest.lock",
			);
			name = "[CP] Check Pods Manifest.lock";
			outputPaths = (
				"$(DERIVED_FILE_DIR)/Pods-CAAnimationUtil-checkManifestLockResult.txt",
			);
			runOnlyForDeploymentPostprocessing = 0;
			shellPath = /bin/sh;
			shellScript = "diff \"${PODS_PODFILE_DIR_PATH}/Podfile.lock\" \"${PODS_ROOT}/Manifest.lock\" > /dev/null\nif [ $? != 0 ] ; then\n    # print error to STDERR\n    echo \"error: The sandbox is not in sync with the Podfile.lock. Run 'pod install' or update your CocoaPods installation.\" >&2\n    exit 1\nfi\n# This output is used by Xcode 'outputs' to avoid re-running this script phase.\necho \"SUCCESS\" > \"${SCRIPT_OUTPUT_FILE_0}\"\n";
			showEnvVarsInLog = 0;
		};
		52477771702967B36CBDEACD /* [CP] Embed Pods Frameworks */ = {
			isa = PBXShellScriptBuildPhase;
			buildActionMask = 2147483647;
			files = (
			);
			inputPaths = (
			);
			name = "[CP] Embed Pods Frameworks";
			outputPaths = (
			);
			runOnlyForDeploymentPostprocessing = 0;
			shellPath = /bin/sh;
			shellScript = "\"${SRCROOT}/Pods/Target Support Files/Pods-CAAnimationUtil/Pods-CAAnimationUtil-frameworks.sh\"\n";
			showEnvVarsInLog = 0;
		};
		8896775D18C3762BA7BA5B26 /* [CP] Copy Pods Resources */ = {
			isa = PBXShellScriptBuildPhase;
			buildActionMask = 2147483647;
			files = (
			);
			inputPaths = (
			);
			name = "[CP] Copy Pods Resources";
			outputPaths = (
			);
			runOnlyForDeploymentPostprocessing = 0;
			shellPath = /bin/sh;
			shellScript = "\"${SRCROOT}/Pods/Target Support Files/Pods-CAAnimationUtil/Pods-CAAnimationUtil-resources.sh\"\n";
			showEnvVarsInLog = 0;
		};
/* End PBXShellScriptBuildPhase section */

/* Begin PBXSourcesBuildPhase section */
		8BBD60751FAB240D00FBA7CA /* Sources */ = {
			isa = PBXSourcesBuildPhase;
			buildActionMask = 2147483647;
			files = (
				8B166CA71FAC4A39001E56B1 /* ViewController.m in Sources */,
				8BC59A0B20E1DF32005822B2 /* BasicAnimationController.m in Sources */,
				8BC59A0E20E1DF69005822B2 /* TransitionAnimationController.m in Sources */,
				8BBD60811FAB240D00FBA7CA /* AppDelegate.m in Sources */,
				8BA725E720E099B20089C59A /* UIView+Geometry.m in Sources */,
				8BC59A1120E1E037005822B2 /* CommonAnimationController.m in Sources */,
				8BBD607E1FAB240D00FBA7CA /* main.m in Sources */,
				8BC59A0820E1DE49005822B2 /* DriftAnimationController.m in Sources */,
			);
			runOnlyForDeploymentPostprocessing = 0;
		};
/* End PBXSourcesBuildPhase section */

/* Begin PBXVariantGroup section */
		8BBD60851FAB240D00FBA7CA /* Main.storyboard */ = {
			isa = PBXVariantGroup;
			children = (
				8BBD60861FAB240D00FBA7CA /* Base */,
			);
			name = Main.storyboard;
			sourceTree = "<group>";
		};
		8BBD608A1FAB240D00FBA7CA /* LaunchScreen.storyboard */ = {
			isa = PBXVariantGroup;
			children = (
				8BBD608B1FAB240D00FBA7CA /* Base */,
			);
			name = LaunchScreen.storyboard;
			sourceTree = "<group>";
		};
/* End PBXVariantGroup section */

/* Begin XCBuildConfiguration section */
		8BBD608E1FAB240D00FBA7CA /* Debug */ = {
			isa = XCBuildConfiguration;
			buildSettings = {
				ALWAYS_SEARCH_USER_PATHS = NO;
				CLANG_ANALYZER_NONNULL = YES;
				CLANG_ANALYZER_NUMBER_OBJECT_CONVERSION = YES_AGGRESSIVE;
				CLANG_CXX_LANGUAGE_STANDARD = "gnu++0x";
				CLANG_CXX_LIBRARY = "libc++";
				CLANG_ENABLE_MODULES = YES;
				CLANG_ENABLE_OBJC_ARC = YES;
				CLANG_WARN_BOOL_CONVERSION = YES;
				CLANG_WARN_CONSTANT_CONVERSION = YES;
				CLANG_WARN_DIRECT_OBJC_ISA_USAGE = YES_ERROR;
				CLANG_WARN_DOCUMENTATION_COMMENTS = YES;
				CLANG_WARN_EMPTY_BODY = YES;
				CLANG_WARN_ENUM_CONVERSION = YES;
				CLANG_WARN_INFINITE_RECURSION = YES;
				CLANG_WARN_INT_CONVERSION = YES;
				CLANG_WARN_OBJC_ROOT_CLASS = YES_ERROR;
				CLANG_WARN_SUSPICIOUS_MOVE = YES;
				CLANG_WARN_UNREACHABLE_CODE = YES;
				CLANG_WARN__DUPLICATE_METHOD_MATCH = YES;
				"CODE_SIGN_IDENTITY[sdk=iphoneos*]" = "iPhone Developer";
				COPY_PHASE_STRIP = NO;
				DEBUG_INFORMATION_FORMAT = dwarf;
				ENABLE_STRICT_OBJC_MSGSEND = YES;
				ENABLE_TESTABILITY = YES;
				GCC_C_LANGUAGE_STANDARD = gnu99;
				GCC_DYNAMIC_NO_PIC = NO;
				GCC_NO_COMMON_BLOCKS = YES;
				GCC_OPTIMIZATION_LEVEL = 0;
				GCC_PREPROCESSOR_DEFINITIONS = (
					"DEBUG=1",
					"$(inherited)",
				);
				GCC_WARN_64_TO_32_BIT_CONVERSION = YES;
				GCC_WARN_ABOUT_RETURN_TYPE = YES_ERROR;
				GCC_WARN_UNDECLARED_SELECTOR = YES;
				GCC_WARN_UNINITIALIZED_AUTOS = YES_AGGRESSIVE;
				GCC_WARN_UNUSED_FUNCTION = YES;
				GCC_WARN_UNUSED_VARIABLE = YES;
				IPHONEOS_DEPLOYMENT_TARGET = 10.3;
				MTL_ENABLE_DEBUG_INFO = YES;
				ONLY_ACTIVE_ARCH = NO;
				SDKROOT = iphoneos10.3;
			};
			name = Debug;
		};
		8BBD608F1FAB240D00FBA7CA /* Release */ = {
			isa = XCBuildConfiguration;
			buildSettings = {
				ALWAYS_SEARCH_USER_PATHS = NO;
				CLANG_ANALYZER_NONNULL = YES;
				CLANG_ANALYZER_NUMBER_OBJECT_CONVERSION = YES_AGGRESSIVE;
				CLANG_CXX_LANGUAGE_STANDARD = "gnu++0x";
				CLANG_CXX_LIBRARY = "libc++";
				CLANG_ENABLE_MODULES = YES;
				CLANG_ENABLE_OBJC_ARC = YES;
				CLANG_WARN_BOOL_CONVERSION = YES;
				CLANG_WARN_CONSTANT_CONVERSION = YES;
				CLANG_WARN_DIRECT_OBJC_ISA_USAGE = YES_ERROR;
				CLANG_WARN_DOCUMENTATION_COMMENTS = YES;
				CLANG_WARN_EMPTY_BODY = YES;
				CLANG_WARN_ENUM_CONVERSION = YES;
				CLANG_WARN_INFINITE_RECURSION = YES;
				CLANG_WARN_INT_CONVERSION = YES;
				CLANG_WARN_OBJC_ROOT_CLASS = YES_ERROR;
				CLANG_WARN_SUSPICIOUS_MOVE = YES;
				CLANG_WARN_UNREACHABLE_CODE = YES;
				CLANG_WARN__DUPLICATE_METHOD_MATCH = YES;
				"CODE_SIGN_IDENTITY[sdk=iphoneos*]" = "iPhone Developer";
				COPY_PHASE_STRIP = NO;
				DEBUG_INFORMATION_FORMAT = "dwarf-with-dsym";
				ENABLE_NS_ASSERTIONS = NO;
				ENABLE_STRICT_OBJC_MSGSEND = YES;
				GCC_C_LANGUAGE_STANDARD = gnu99;
				GCC_NO_COMMON_BLOCKS = YES;
				GCC_WARN_64_TO_32_BIT_CONVERSION = YES;
				GCC_WARN_ABOUT_RETURN_TYPE = YES_ERROR;
				GCC_WARN_UNDECLARED_SELECTOR = YES;
				GCC_WARN_UNINITIALIZED_AUTOS = YES_AGGRESSIVE;
				GCC_WARN_UNUSED_FUNCTION = YES;
				GCC_WARN_UNUSED_VARIABLE = YES;
				IPHONEOS_DEPLOYMENT_TARGET = 10.3;
				MTL_ENABLE_DEBUG_INFO = NO;
				ONLY_ACTIVE_ARCH = NO;
				SDKROOT = iphoneos10.3;
				VALIDATE_PRODUCT = YES;
			};
			name = Release;
		};
		8BBD60911FAB240D00FBA7CA /* Debug */ = {
			isa = XCBuildConfiguration;
			baseConfigurationReference = EA990F3C3637DADCB81CC25E /* Pods-CAAnimationUtil.debug.xcconfig */;
			buildSettings = {
				ASSETCATALOG_COMPILER_APPICON_NAME = AppIcon;
				DEVELOPMENT_TEAM = GRSZLFFNPH;
				GCC_PREFIX_HEADER = "CAAnimationUtil/CAAnimationUtil-Prefix.pch";
				INFOPLIST_FILE = "$(SRCROOT)/CAAnimationUtil/CAAnimationUtil-Info.plist";
				LD_RUNPATH_SEARCH_PATHS = "$(inherited) @executable_path/Frameworks";
				PRODUCT_BUNDLE_IDENTIFIER = com.lea.CAAnimationUtil;
				PRODUCT_NAME = "$(TARGET_NAME)";
				SDKROOT = iphoneos11.3;
			};
			name = Debug;
		};
		8BBD60921FAB240D00FBA7CA /* Release */ = {
			isa = XCBuildConfiguration;
			baseConfigurationReference = 27F21DDAD372ECA7F4C41B3E /* Pods-CAAnimationUtil.release.xcconfig */;
			buildSettings = {
				ASSETCATALOG_COMPILER_APPICON_NAME = AppIcon;
				DEVELOPMENT_TEAM = GRSZLFFNPH;
				GCC_PREFIX_HEADER = "CAAnimationUtil/CAAnimationUtil-Prefix.pch";
				INFOPLIST_FILE = "$(SRCROOT)/CAAnimationUtil/CAAnimationUtil-Info.plist";
				LD_RUNPATH_SEARCH_PATHS = "$(inherited) @executable_path/Frameworks";
				PRODUCT_BUNDLE_IDENTIFIER = com.lea.CAAnimationUtil;
				PRODUCT_NAME = "$(TARGET_NAME)";
				SDKROOT = iphoneos11.3;
			};
			name = Release;
		};
/* End XCBuildConfiguration section */

/* Begin XCConfigurationList section */
		8BBD60741FAB240D00FBA7CA /* Build configuration list for PBXProject "CAAnimationUtil" */ = {
			isa = XCConfigurationList;
			buildConfigurations = (
				8BBD608E1FAB240D00FBA7CA /* Debug */,
				8BBD608F1FAB240D00FBA7CA /* Release */,
			);
			defaultConfigurationIsVisible = 0;
			defaultConfigurationName = Release;
		};
		8BBD60901FAB240D00FBA7CA /* Build configuration list for PBXNativeTarget "CAAnimationUtil" */ = {
			isa = XCConfigurationList;
			buildConfigurations = (
				8BBD60911FAB240D00FBA7CA /* Debug */,
				8BBD60921FAB240D00FBA7CA /* Release */,
			);
			defaultConfigurationIsVisible = 0;
			defaultConfigurationName = Release;
		};
/* End XCConfigurationList section */
	};
	rootObject = 8BBD60711FAB240D00FBA7CA /* Project object */;
}
